// !$*UTF8*$!
{
	archiveVersion = 1;
	classes = {
	};
	objectVersion = 56;
	objects = {

/* Begin PBXAggregateTarget section */
		89865FEC29E92A3300E984A1 /* MapxusMapSDK-Universal */ = {
			isa = PBXAggregateTarget;
			buildConfigurationList = 89865FED29E92A3300E984A1 /* Build configuration list for PBXAggregateTarget "MapxusMapSDK-Universal" */;
			buildPhases = (
				89865FF029E92A3700E984A1 /* ShellScript */,
			);
			dependencies = (
			);
			name = "MapxusMapSDK-Universal";
			productName = "MapxusMapSDK-Universal";
		};
/* End PBXAggregateTarget section */

/* Begin PBXBuildFile section */
		1C4A9D2057A7A29341284FA7 /* Pods_MapxusMapSDK.framework in Frameworks */ = {isa = PBXBuildFile; fileRef = E3F5BA4C07AEC8BE19BCEE18 /* Pods_MapxusMapSDK.framework */; };
		892933202A247AF8003C0DE6 /* MXMBorderStyle.h in Headers */ = {isa = PBXBuildFile; fileRef = 8929331E2A247AF8003C0DE6 /* MXMBorderStyle.h */; settings = {ATTRIBUTES = (Public, ); }; };
		892933212A247AF8003C0DE6 /* MXMBorderStyle.m in Sources */ = {isa = PBXBuildFile; fileRef = 8929331F2A247AF8003C0DE6 /* MXMBorderStyle.m */; };
		896BD7F829F2610300ED8D9F /* MXMAlertController.m in Sources */ = {isa = PBXBuildFile; fileRef = 896BD7F729F2610300ED8D9F /* MXMAlertController.m */; };
		896BD85C2A0C7C0700ED8D9F /* MXMLogoView.h in Headers */ = {isa = PBXBuildFile; fileRef = 896BD85A2A0C7C0700ED8D9F /* MXMLogoView.h */; };
		896BD85D2A0C7C0700ED8D9F /* MXMLogoView.m in Sources */ = {isa = PBXBuildFile; fileRef = 896BD85B2A0C7C0700ED8D9F /* MXMLogoView.m */; };
		896BD8602A0C866C00ED8D9F /* MXMLogoButton.h in Headers */ = {isa = PBXBuildFile; fileRef = 896BD85E2A0C866C00ED8D9F /* MXMLogoButton.h */; };
		896BD8612A0C866C00ED8D9F /* MXMLogoButton.m in Sources */ = {isa = PBXBuildFile; fileRef = 896BD85F2A0C866C00ED8D9F /* MXMLogoButton.m */; };
		89865F1329E9090700E984A1 /* MapxusMapSDK.framework in Frameworks */ = {isa = PBXBuildFile; fileRef = 89865F0A29E9090700E984A1 /* MapxusMapSDK.framework */; };
		89865F1929E9090700E984A1 /* MapxusMapSDK.h in Headers */ = {isa = PBXBuildFile; fileRef = 89865F0D29E9090700E984A1 /* MapxusMapSDK.h */; settings = {ATTRIBUTES = (Public, ); }; };
		89865F2B29E925EB00E984A1 /* MXMAnnotationsHolderTests.m in Sources */ = {isa = PBXBuildFile; fileRef = 89865F2329E925EB00E984A1 /* MXMAnnotationsHolderTests.m */; };
		89865F2C29E925EB00E984A1 /* MGLStylerLayerFilterTests.m in Sources */ = {isa = PBXBuildFile; fileRef = 89865F2429E925EB00E984A1 /* MGLStylerLayerFilterTests.m */; };
		89865F2D29E925EB00E984A1 /* MXMGeoPointTests.m in Sources */ = {isa = PBXBuildFile; fileRef = 89865F2529E925EB00E984A1 /* MXMGeoPointTests.m */; };
		89865F2E29E925EB00E984A1 /* MXMDataQuerierTests.m in Sources */ = {isa = PBXBuildFile; fileRef = 89865F2629E925EB00E984A1 /* MXMDataQuerierTests.m */; };
		89865F2F29E925EB00E984A1 /* MXMDeciderTests.m in Sources */ = {isa = PBXBuildFile; fileRef = 89865F2729E925EB00E984A1 /* MXMDeciderTests.m */; };
		89865F3029E925EB00E984A1 /* CLFloor+Factory.m in Sources */ = {isa = PBXBuildFile; fileRef = 89865F2929E925EB00E984A1 /* CLFloor+Factory.m */; };
		89865F8629E9262700E984A1 /* MXMHttpManager.h in Headers */ = {isa = PBXBuildFile; fileRef = 89865F3229E9262700E984A1 /* MXMHttpManager.h */; };
		89865F8729E9262700E984A1 /* JXJsonFunctionDefine.h in Headers */ = {isa = PBXBuildFile; fileRef = 89865F3329E9262700E984A1 /* JXJsonFunctionDefine.h */; };
		89865F8829E9262700E984A1 /* MXMLoggerService.h in Headers */ = {isa = PBXBuildFile; fileRef = 89865F3429E9262700E984A1 /* MXMLoggerService.h */; };
		89865F8929E9262700E984A1 /* NSString+Compare.h in Headers */ = {isa = PBXBuildFile; fileRef = 89865F3529E9262700E984A1 /* NSString+Compare.h */; };
		89865F8A29E9262700E984A1 /* MXMMapServices+Private.h in Headers */ = {isa = PBXBuildFile; fileRef = 89865F3629E9262700E984A1 /* MXMMapServices+Private.h */; };
		89865F8B29E9262700E984A1 /* MXMConstants.h in Headers */ = {isa = PBXBuildFile; fileRef = 89865F3729E9262700E984A1 /* MXMConstants.h */; };
		89865F8C29E9262700E984A1 /* Localizable.strings in Resources */ = {isa = PBXBuildFile; fileRef = 89865F3929E9262700E984A1 /* Localizable.strings */; };
		89865F8D29E9262700E984A1 /* images.xcassets in Resources */ = {isa = PBXBuildFile; fileRef = 89865F3E29E9262700E984A1 /* images.xcassets */; };
		89865F8E29E9262700E984A1 /* MXMCommonObj.m in Sources */ = {isa = PBXBuildFile; fileRef = 89865F4029E9262700E984A1 /* MXMCommonObj.m */; };
		89865F8F29E9262700E984A1 /* MXMSearchAPI.h in Headers */ = {isa = PBXBuildFile; fileRef = 89865F4129E9262700E984A1 /* MXMSearchAPI.h */; settings = {ATTRIBUTES = (Public, ); }; };
		89865F9029E9262700E984A1 /* MXMSearchObj.m in Sources */ = {isa = PBXBuildFile; fileRef = 89865F4229E9262700E984A1 /* MXMSearchObj.m */; };
		89865F9129E9262700E984A1 /* MXMSearchAPI.m in Sources */ = {isa = PBXBuildFile; fileRef = 89865F4329E9262700E984A1 /* MXMSearchAPI.m */; };
		89865F9229E9262700E984A1 /* MXMCommonObj.h in Headers */ = {isa = PBXBuildFile; fileRef = 89865F4429E9262700E984A1 /* MXMCommonObj.h */; settings = {ATTRIBUTES = (Public, ); }; };
		89865F9329E9262700E984A1 /* MXMSearchObj.h in Headers */ = {isa = PBXBuildFile; fileRef = 89865F4529E9262700E984A1 /* MXMSearchObj.h */; settings = {ATTRIBUTES = (Public, ); }; };
		89865F9429E9262700E984A1 /* MGLMapView+MXMSwizzle.m in Sources */ = {isa = PBXBuildFile; fileRef = 89865F4729E9262700E984A1 /* MGLMapView+MXMSwizzle.m */; };
		89865F9529E9262700E984A1 /* MXMLevelModel.m in Sources */ = {isa = PBXBuildFile; fileRef = 89865F4829E9262700E984A1 /* MXMLevelModel.m */; };
		89865F9729E9262700E984A1 /* MXMDecider.m in Sources */ = {isa = PBXBuildFile; fileRef = 89865F4A29E9262700E984A1 /* MXMDecider.m */; };
		89865F9829E9262700E984A1 /* MXMGeoVenue.h in Headers */ = {isa = PBXBuildFile; fileRef = 89865F4B29E9262700E984A1 /* MXMGeoVenue.h */; settings = {ATTRIBUTES = (Public, ); }; };
		89865F9929E9262700E984A1 /* MXMCacheManager.m in Sources */ = {isa = PBXBuildFile; fileRef = 89865F4C29E9262700E984A1 /* MXMCacheManager.m */; };
		89865F9A29E9262700E984A1 /* MXMDataQuerier.h in Headers */ = {isa = PBXBuildFile; fileRef = 89865F4D29E9262700E984A1 /* MXMDataQuerier.h */; };
		89865F9B29E9262700E984A1 /* MGLStyleLayer+MXMFilter.m in Sources */ = {isa = PBXBuildFile; fileRef = 89865F4E29E9262700E984A1 /* MGLStyleLayer+MXMFilter.m */; };
		89865F9C29E9262700E984A1 /* MXMAnnotationsHolder.m in Sources */ = {isa = PBXBuildFile; fileRef = 89865F4F29E9262700E984A1 /* MXMAnnotationsHolder.m */; };
		89865F9D29E9262700E984A1 /* MGLStyle+MXMFilter.h in Headers */ = {isa = PBXBuildFile; fileRef = 89865F5029E9262700E984A1 /* MGLStyle+MXMFilter.h */; };
		89865F9E29E9262700E984A1 /* MXMGeoVenue.m in Sources */ = {isa = PBXBuildFile; fileRef = 89865F5129E9262700E984A1 /* MXMGeoVenue.m */; };
		89865F9F29E9262700E984A1 /* MXMDecider.h in Headers */ = {isa = PBXBuildFile; fileRef = 89865F5229E9262700E984A1 /* MXMDecider.h */; };
		89865FA129E9262700E984A1 /* MXMLevelModel.h in Headers */ = {isa = PBXBuildFile; fileRef = 89865F5429E9262700E984A1 /* MXMLevelModel.h */; };
		89865FA229E9262700E984A1 /* MGLMapView+MXMSwizzle.h in Headers */ = {isa = PBXBuildFile; fileRef = 89865F5529E9262700E984A1 /* MGLMapView+MXMSwizzle.h */; };
		89865FA329E9262700E984A1 /* MXMCacheManager.h in Headers */ = {isa = PBXBuildFile; fileRef = 89865F5629E9262700E984A1 /* MXMCacheManager.h */; };
		89865FA429E9262700E984A1 /* MXMDataQuerier.m in Sources */ = {isa = PBXBuildFile; fileRef = 89865F5729E9262700E984A1 /* MXMDataQuerier.m */; };
		89865FA529E9262700E984A1 /* MGLStyle+MXMFilter.m in Sources */ = {isa = PBXBuildFile; fileRef = 89865F5829E9262700E984A1 /* MGLStyle+MXMFilter.m */; };
		89865FA629E9262700E984A1 /* MXMAnnotationsHolder.h in Headers */ = {isa = PBXBuildFile; fileRef = 89865F5929E9262700E984A1 /* MXMAnnotationsHolder.h */; };
		89865FA729E9262700E984A1 /* MGLStyleLayer+MXMFilter.h in Headers */ = {isa = PBXBuildFile; fileRef = 89865F5A29E9262700E984A1 /* MGLStyleLayer+MXMFilter.h */; };
		89865FAF29E9262700E984A1 /* KxMenu.m in Sources */ = {isa = PBXBuildFile; fileRef = 89865F6529E9262700E984A1 /* KxMenu.m */; };
		89865FB029E9262700E984A1 /* KxMenu.h in Headers */ = {isa = PBXBuildFile; fileRef = 89865F6629E9262700E984A1 /* KxMenu.h */; };
		89865FB329E9262700E984A1 /* MXMSearchBuildingOperation2.m in Sources */ = {isa = PBXBuildFile; fileRef = 89865F6A29E9262700E984A1 /* MXMSearchBuildingOperation2.m */; };
		89865FB429E9262700E984A1 /* MXMSearchPOIOperation.m in Sources */ = {isa = PBXBuildFile; fileRef = 89865F6B29E9262700E984A1 /* MXMSearchPOIOperation.m */; };
		89865FB529E9262700E984A1 /* MXMSearchBuildingOperation2.h in Headers */ = {isa = PBXBuildFile; fileRef = 89865F6C29E9262700E984A1 /* MXMSearchBuildingOperation2.h */; };
		89865FB629E9262700E984A1 /* MXMSearchPOIOperation.h in Headers */ = {isa = PBXBuildFile; fileRef = 89865F6D29E9262700E984A1 /* MXMSearchPOIOperation.h */; };
		89865FB729E9262700E984A1 /* MXMSearchBase.h in Headers */ = {isa = PBXBuildFile; fileRef = 89865F6F29E9262700E984A1 /* MXMSearchBase.h */; settings = {ATTRIBUTES = (Public, ); }; };
		89865FB829E9262700E984A1 /* MXMGeoCodeSearchResult.m in Sources */ = {isa = PBXBuildFile; fileRef = 89865F7029E9262700E984A1 /* MXMGeoCodeSearchResult.m */; };
		89865FB929E9262700E984A1 /* MXMGeoCodeSearchOption.h in Headers */ = {isa = PBXBuildFile; fileRef = 89865F7129E9262700E984A1 /* MXMGeoCodeSearchOption.h */; settings = {ATTRIBUTES = (Public, ); }; };
		89865FBA29E9262700E984A1 /* MXMGeoCodeSearch.h in Headers */ = {isa = PBXBuildFile; fileRef = 89865F7229E9262700E984A1 /* MXMGeoCodeSearch.h */; settings = {ATTRIBUTES = (Public, ); }; };
		89865FBB29E9262700E984A1 /* MXMSearchBase.m in Sources */ = {isa = PBXBuildFile; fileRef = 89865F7329E9262700E984A1 /* MXMSearchBase.m */; };
		89865FBC29E9262700E984A1 /* MXMGeoCodeSearchResult.h in Headers */ = {isa = PBXBuildFile; fileRef = 89865F7429E9262700E984A1 /* MXMGeoCodeSearchResult.h */; settings = {ATTRIBUTES = (Public, ); }; };
		89865FBD29E9262700E984A1 /* MXMGeoCodeSearchOption.m in Sources */ = {isa = PBXBuildFile; fileRef = 89865F7529E9262700E984A1 /* MXMGeoCodeSearchOption.m */; };
		89865FBE29E9262700E984A1 /* MXMGeoCodeSearch.m in Sources */ = {isa = PBXBuildFile; fileRef = 89865F7629E9262700E984A1 /* MXMGeoCodeSearch.m */; };
		89865FBF29E9262700E984A1 /* MXMGeoBuilding.h in Headers */ = {isa = PBXBuildFile; fileRef = 89865F7829E9262700E984A1 /* MXMGeoBuilding.h */; settings = {ATTRIBUTES = (Public, ); }; };
		89865FC029E9262700E984A1 /* MXMGeoPOI.h in Headers */ = {isa = PBXBuildFile; fileRef = 89865F7929E9262700E984A1 /* MXMGeoPOI.h */; settings = {ATTRIBUTES = (Public, ); }; };
		89865FC129E9262700E984A1 /* MXMConfiguration.m in Sources */ = {isa = PBXBuildFile; fileRef = 89865F7A29E9262700E984A1 /* MXMConfiguration.m */; };
		89865FC229E9262700E984A1 /* MapxusMap+Private.h in Headers */ = {isa = PBXBuildFile; fileRef = 89865F7B29E9262700E984A1 /* MapxusMap+Private.h */; };
		89865FC329E9262700E984A1 /* MXMDefine.h in Headers */ = {isa = PBXBuildFile; fileRef = 89865F7C29E9262700E984A1 /* MXMDefine.h */; settings = {ATTRIBUTES = (Public, ); }; };
		89865FC429E9262700E984A1 /* MapxusMap.m in Sources */ = {isa = PBXBuildFile; fileRef = 89865F7D29E9262700E984A1 /* MapxusMap.m */; };
		89865FC529E9262700E984A1 /* MXMPointAnnotation.m in Sources */ = {isa = PBXBuildFile; fileRef = 89865F7E29E9262700E984A1 /* MXMPointAnnotation.m */; };
		89865FC629E9262700E984A1 /* MXMGeoPOI.m in Sources */ = {isa = PBXBuildFile; fileRef = 89865F7F29E9262700E984A1 /* MXMGeoPOI.m */; };
		89865FC729E9262700E984A1 /* MXMPointAnnotation+Private.h in Headers */ = {isa = PBXBuildFile; fileRef = 89865F8029E9262700E984A1 /* MXMPointAnnotation+Private.h */; };
		89865FC829E9262700E984A1 /* MapxusMapDelegate.h in Headers */ = {isa = PBXBuildFile; fileRef = 89865F8129E9262700E984A1 /* MapxusMapDelegate.h */; settings = {ATTRIBUTES = (Public, ); }; };
		89865FC929E9262700E984A1 /* MXMGeoBuilding.m in Sources */ = {isa = PBXBuildFile; fileRef = 89865F8229E9262700E984A1 /* MXMGeoBuilding.m */; };
		89865FCA29E9262700E984A1 /* MXMConfiguration.h in Headers */ = {isa = PBXBuildFile; fileRef = 89865F8329E9262700E984A1 /* MXMConfiguration.h */; settings = {ATTRIBUTES = (Public, ); }; };
		89865FCB29E9262700E984A1 /* MXMPointAnnotation.h in Headers */ = {isa = PBXBuildFile; fileRef = 89865F8429E9262700E984A1 /* MXMPointAnnotation.h */; settings = {ATTRIBUTES = (Public, ); }; };
		89865FCC29E9262700E984A1 /* MapxusMap.h in Headers */ = {isa = PBXBuildFile; fileRef = 89865F8529E9262700E984A1 /* MapxusMap.h */; settings = {ATTRIBUTES = (Public, ); }; };
		89865FF229E9345B00E984A1 /* Mapbox.xcframework in Frameworks */ = {isa = PBXBuildFile; fileRef = 89865FF129E9345B00E984A1 /* Mapbox.xcframework */; };
		89B2EB7C2A284E1200A369E4 /* MXMSite.h in Headers */ = {isa = PBXBuildFile; fileRef = 89B2EB7A2A284E1200A369E4 /* MXMSite.h */; settings = {ATTRIBUTES = (Public, ); }; };
		89B2EB7D2A284E1200A369E4 /* MXMSite.m in Sources */ = {isa = PBXBuildFile; fileRef = 89B2EB7B2A284E1200A369E4 /* MXMSite.m */; };
		89C9E1AF2A39963800D93569 /* MXMFloorFoldButton.h in Headers */ = {isa = PBXBuildFile; fileRef = 89C9E1AD2A39963800D93569 /* MXMFloorFoldButton.h */; };
		89C9E1B02A39963800D93569 /* MXMFloorFoldButton.m in Sources */ = {isa = PBXBuildFile; fileRef = 89C9E1AE2A39963800D93569 /* MXMFloorFoldButton.m */; };
		89C9E1B32A39966A00D93569 /* MXMFloorBarHeaderFooterView.h in Headers */ = {isa = PBXBuildFile; fileRef = 89C9E1B12A39966A00D93569 /* MXMFloorBarHeaderFooterView.h */; };
		89C9E1B42A39966A00D93569 /* MXMFloorBarHeaderFooterView.m in Sources */ = {isa = PBXBuildFile; fileRef = 89C9E1B22A39966A00D93569 /* MXMFloorBarHeaderFooterView.m */; };
		89C9E1B72A39968F00D93569 /* MXMFloorSelectorBar.h in Headers */ = {isa = PBXBuildFile; fileRef = 89C9E1B52A39968F00D93569 /* MXMFloorSelectorBar.h */; settings = {ATTRIBUTES = (Public, ); }; };
		89C9E1B82A39968F00D93569 /* MXMFloorSelectorBar.m in Sources */ = {isa = PBXBuildFile; fileRef = 89C9E1B62A39968F00D93569 /* MXMFloorSelectorBar.m */; };
		89C9E1BB2A3996BE00D93569 /* MXMFloorBarCell.h in Headers */ = {isa = PBXBuildFile; fileRef = 89C9E1B92A3996BE00D93569 /* MXMFloorBarCell.h */; };
		89C9E1BC2A3996BE00D93569 /* MXMFloorBarCell.m in Sources */ = {isa = PBXBuildFile; fileRef = 89C9E1BA2A3996BE00D93569 /* MXMFloorBarCell.m */; };
		89C9E1BF2A39998500D93569 /* MXMFloorBarModel.h in Headers */ = {isa = PBXBuildFile; fileRef = 89C9E1BD2A39998500D93569 /* MXMFloorBarModel.h */; };
		89C9E1C02A39998500D93569 /* MXMFloorBarModel.m in Sources */ = {isa = PBXBuildFile; fileRef = 89C9E1BE2A39998500D93569 /* MXMFloorBarModel.m */; };
		89C9E1C32A3AE20500D93569 /* MXMSDKBundle.h in Headers */ = {isa = PBXBuildFile; fileRef = 89C9E1C12A3AE20500D93569 /* MXMSDKBundle.h */; };
		89C9E1C42A3AE20500D93569 /* MXMSDKBundle.m in Sources */ = {isa = PBXBuildFile; fileRef = 89C9E1C22A3AE20500D93569 /* MXMSDKBundle.m */; };
		89C9E1C72A3AE3FE00D93569 /* UIImage+MXMSdk.h in Headers */ = {isa = PBXBuildFile; fileRef = 89C9E1C52A3AE3FE00D93569 /* UIImage+MXMSdk.h */; };
		89C9E1C82A3AE3FE00D93569 /* UIImage+MXMSdk.m in Sources */ = {isa = PBXBuildFile; fileRef = 89C9E1C62A3AE3FE00D93569 /* UIImage+MXMSdk.m */; };
		89C9E1CA2A3C58BB00D93569 /* MXMFloorSelectorBar+Private.h in Headers */ = {isa = PBXBuildFile; fileRef = 89C9E1C92A3C58BB00D93569 /* MXMFloorSelectorBar+Private.h */; };
		8B47EDA58BF706ACF7E0B2A7 /* Pods_MapxusMapSDKTests.framework in Frameworks */ = {isa = PBXBuildFile; fileRef = 04F3A1DB5EB6BB5F6C6A7566 /* Pods_MapxusMapSDKTests.framework */; };
/* End PBXBuildFile section */

/* Begin PBXContainerItemProxy section */
		89865F1429E9090700E984A1 /* PBXContainerItemProxy */ = {
			isa = PBXContainerItemProxy;
			containerPortal = 89865F0129E9090700E984A1 /* Project object */;
			proxyType = 1;
			remoteGlobalIDString = 89865F0929E9090700E984A1;
			remoteInfo = MapxusMapSDK;
		};
/* End PBXContainerItemProxy section */

/* Begin PBXFileReference section */
		04F3A1DB5EB6BB5F6C6A7566 /* Pods_MapxusMapSDKTests.framework */ = {isa = PBXFileReference; explicitFileType = wrapper.framework; includeInIndex = 0; path = Pods_MapxusMapSDKTests.framework; sourceTree = BUILT_PRODUCTS_DIR; };
		1D22435475B5222BB8270E9F /* Pods-MapxusMapSDKTests.release.xcconfig */ = {isa = PBXFileReference; includeInIndex = 1; lastKnownFileType = text.xcconfig; name = "Pods-MapxusMapSDKTests.release.xcconfig"; path = "Target Support Files/Pods-MapxusMapSDKTests/Pods-MapxusMapSDKTests.release.xcconfig"; sourceTree = "<group>"; };
		8929331E2A247AF8003C0DE6 /* MXMBorderStyle.h */ = {isa = PBXFileReference; lastKnownFileType = sourcecode.c.h; path = MXMBorderStyle.h; sourceTree = "<group>"; };
		8929331F2A247AF8003C0DE6 /* MXMBorderStyle.m */ = {isa = PBXFileReference; lastKnownFileType = sourcecode.c.objc; path = MXMBorderStyle.m; sourceTree = "<group>"; };
		896BD7F729F2610300ED8D9F /* MXMAlertController.m */ = {isa = PBXFileReference; lastKnownFileType = sourcecode.c.objc; path = MXMAlertController.m; sourceTree = "<group>"; };
		896BD7F929F2614500ED8D9F /* MXMAlertController.h */ = {isa = PBXFileReference; lastKnownFileType = sourcecode.c.h; path = MXMAlertController.h; sourceTree = "<group>"; };
		896BD8582A0BA21000ED8D9F /* ja */ = {isa = PBXFileReference; lastKnownFileType = text.plist.strings; name = ja; path = ja.lproj/Localizable.strings; sourceTree = "<group>"; };
		896BD8592A0BA22200ED8D9F /* ko */ = {isa = PBXFileReference; lastKnownFileType = text.plist.strings; name = ko; path = ko.lproj/Localizable.strings; sourceTree = "<group>"; };
		896BD85A2A0C7C0700ED8D9F /* MXMLogoView.h */ = {isa = PBXFileReference; lastKnownFileType = sourcecode.c.h; path = MXMLogoView.h; sourceTree = "<group>"; };
		896BD85B2A0C7C0700ED8D9F /* MXMLogoView.m */ = {isa = PBXFileReference; lastKnownFileType = sourcecode.c.objc; path = MXMLogoView.m; sourceTree = "<group>"; };
		896BD85E2A0C866C00ED8D9F /* MXMLogoButton.h */ = {isa = PBXFileReference; lastKnownFileType = sourcecode.c.h; path = MXMLogoButton.h; sourceTree = "<group>"; };
		896BD85F2A0C866C00ED8D9F /* MXMLogoButton.m */ = {isa = PBXFileReference; lastKnownFileType = sourcecode.c.objc; path = MXMLogoButton.m; sourceTree = "<group>"; };
		89865F0A29E9090700E984A1 /* MapxusMapSDK.framework */ = {isa = PBXFileReference; explicitFileType = wrapper.framework; includeInIndex = 0; path = MapxusMapSDK.framework; sourceTree = BUILT_PRODUCTS_DIR; };
		89865F0D29E9090700E984A1 /* MapxusMapSDK.h */ = {isa = PBXFileReference; lastKnownFileType = sourcecode.c.h; path = MapxusMapSDK.h; sourceTree = "<group>"; };
		89865F1229E9090700E984A1 /* MapxusMapSDKTests.xctest */ = {isa = PBXFileReference; explicitFileType = wrapper.cfbundle; includeInIndex = 0; path = MapxusMapSDKTests.xctest; sourceTree = BUILT_PRODUCTS_DIR; };
		89865F2329E925EB00E984A1 /* MXMAnnotationsHolderTests.m */ = {isa = PBXFileReference; fileEncoding = 4; lastKnownFileType = sourcecode.c.objc; path = MXMAnnotationsHolderTests.m; sourceTree = "<group>"; };
		89865F2429E925EB00E984A1 /* MGLStylerLayerFilterTests.m */ = {isa = PBXFileReference; fileEncoding = 4; lastKnownFileType = sourcecode.c.objc; path = MGLStylerLayerFilterTests.m; sourceTree = "<group>"; };
		89865F2529E925EB00E984A1 /* MXMGeoPointTests.m */ = {isa = PBXFileReference; fileEncoding = 4; lastKnownFileType = sourcecode.c.objc; path = MXMGeoPointTests.m; sourceTree = "<group>"; };
		89865F2629E925EB00E984A1 /* MXMDataQuerierTests.m */ = {isa = PBXFileReference; fileEncoding = 4; lastKnownFileType = sourcecode.c.objc; path = MXMDataQuerierTests.m; sourceTree = "<group>"; };
		89865F2729E925EB00E984A1 /* MXMDeciderTests.m */ = {isa = PBXFileReference; fileEncoding = 4; lastKnownFileType = sourcecode.c.objc; path = MXMDeciderTests.m; sourceTree = "<group>"; };
		89865F2929E925EB00E984A1 /* CLFloor+Factory.m */ = {isa = PBXFileReference; fileEncoding = 4; lastKnownFileType = sourcecode.c.objc; path = "CLFloor+Factory.m"; sourceTree = "<group>"; };
		89865F2A29E925EB00E984A1 /* CLFloor+Factory.h */ = {isa = PBXFileReference; fileEncoding = 4; lastKnownFileType = sourcecode.c.h; path = "CLFloor+Factory.h"; sourceTree = "<group>"; };
		89865F3229E9262700E984A1 /* MXMHttpManager.h */ = {isa = PBXFileReference; fileEncoding = 4; lastKnownFileType = sourcecode.c.h; path = MXMHttpManager.h; sourceTree = "<group>"; };
		89865F3329E9262700E984A1 /* JXJsonFunctionDefine.h */ = {isa = PBXFileReference; fileEncoding = 4; lastKnownFileType = sourcecode.c.h; path = JXJsonFunctionDefine.h; sourceTree = "<group>"; };
		89865F3429E9262700E984A1 /* MXMLoggerService.h */ = {isa = PBXFileReference; fileEncoding = 4; lastKnownFileType = sourcecode.c.h; path = MXMLoggerService.h; sourceTree = "<group>"; };
		89865F3529E9262700E984A1 /* NSString+Compare.h */ = {isa = PBXFileReference; fileEncoding = 4; lastKnownFileType = sourcecode.c.h; path = "NSString+Compare.h"; sourceTree = "<group>"; };
		89865F3629E9262700E984A1 /* MXMMapServices+Private.h */ = {isa = PBXFileReference; fileEncoding = 4; lastKnownFileType = sourcecode.c.h; path = "MXMMapServices+Private.h"; sourceTree = "<group>"; };
		89865F3729E9262700E984A1 /* MXMConstants.h */ = {isa = PBXFileReference; fileEncoding = 4; lastKnownFileType = sourcecode.c.h; path = MXMConstants.h; sourceTree = "<group>"; };
		89865F3A29E9262700E984A1 /* zh-Hans */ = {isa = PBXFileReference; lastKnownFileType = text.plist.strings; name = "zh-Hans"; path = "zh-Hans.lproj/Localizable.strings"; sourceTree = "<group>"; };
		89865F3B29E9262700E984A1 /* en */ = {isa = PBXFileReference; lastKnownFileType = text.plist.strings; name = en; path = en.lproj/Localizable.strings; sourceTree = "<group>"; };
		89865F3C29E9262700E984A1 /* zh-HK */ = {isa = PBXFileReference; lastKnownFileType = text.plist.strings; name = "zh-HK"; path = "zh-HK.lproj/Localizable.strings"; sourceTree = "<group>"; };
		89865F3D29E9262700E984A1 /* zh-Hant */ = {isa = PBXFileReference; lastKnownFileType = text.plist.strings; name = "zh-Hant"; path = "zh-Hant.lproj/Localizable.strings"; sourceTree = "<group>"; };
		89865F3E29E9262700E984A1 /* images.xcassets */ = {isa = PBXFileReference; lastKnownFileType = folder.assetcatalog; path = images.xcassets; sourceTree = "<group>"; };
		89865F4029E9262700E984A1 /* MXMCommonObj.m */ = {isa = PBXFileReference; fileEncoding = 4; lastKnownFileType = sourcecode.c.objc; path = MXMCommonObj.m; sourceTree = "<group>"; };
		89865F4129E9262700E984A1 /* MXMSearchAPI.h */ = {isa = PBXFileReference; fileEncoding = 4; lastKnownFileType = sourcecode.c.h; path = MXMSearchAPI.h; sourceTree = "<group>"; };
		89865F4229E9262700E984A1 /* MXMSearchObj.m */ = {isa = PBXFileReference; fileEncoding = 4; lastKnownFileType = sourcecode.c.objc; path = MXMSearchObj.m; sourceTree = "<group>"; };
		89865F4329E9262700E984A1 /* MXMSearchAPI.m */ = {isa = PBXFileReference; fileEncoding = 4; lastKnownFileType = sourcecode.c.objc; path = MXMSearchAPI.m; sourceTree = "<group>"; };
		89865F4429E9262700E984A1 /* MXMCommonObj.h */ = {isa = PBXFileReference; fileEncoding = 4; lastKnownFileType = sourcecode.c.h; path = MXMCommonObj.h; sourceTree = "<group>"; };
		89865F4529E9262700E984A1 /* MXMSearchObj.h */ = {isa = PBXFileReference; fileEncoding = 4; lastKnownFileType = sourcecode.c.h; path = MXMSearchObj.h; sourceTree = "<group>"; };
		89865F4729E9262700E984A1 /* MGLMapView+MXMSwizzle.m */ = {isa = PBXFileReference; fileEncoding = 4; lastKnownFileType = sourcecode.c.objc; path = "MGLMapView+MXMSwizzle.m"; sourceTree = "<group>"; };
		89865F4829E9262700E984A1 /* MXMLevelModel.m */ = {isa = PBXFileReference; fileEncoding = 4; lastKnownFileType = sourcecode.c.objc; path = MXMLevelModel.m; sourceTree = "<group>"; };
		89865F4A29E9262700E984A1 /* MXMDecider.m */ = {isa = PBXFileReference; fileEncoding = 4; lastKnownFileType = sourcecode.c.objc; path = MXMDecider.m; sourceTree = "<group>"; };
		89865F4B29E9262700E984A1 /* MXMGeoVenue.h */ = {isa = PBXFileReference; fileEncoding = 4; lastKnownFileType = sourcecode.c.h; path = MXMGeoVenue.h; sourceTree = "<group>"; };
		89865F4C29E9262700E984A1 /* MXMCacheManager.m */ = {isa = PBXFileReference; fileEncoding = 4; lastKnownFileType = sourcecode.c.objc; path = MXMCacheManager.m; sourceTree = "<group>"; };
		89865F4D29E9262700E984A1 /* MXMDataQuerier.h */ = {isa = PBXFileReference; fileEncoding = 4; lastKnownFileType = sourcecode.c.h; path = MXMDataQuerier.h; sourceTree = "<group>"; };
		89865F4E29E9262700E984A1 /* MGLStyleLayer+MXMFilter.m */ = {isa = PBXFileReference; fileEncoding = 4; lastKnownFileType = sourcecode.c.objc; path = "MGLStyleLayer+MXMFilter.m"; sourceTree = "<group>"; };
		89865F4F29E9262700E984A1 /* MXMAnnotationsHolder.m */ = {isa = PBXFileReference; fileEncoding = 4; lastKnownFileType = sourcecode.c.objc; path = MXMAnnotationsHolder.m; sourceTree = "<group>"; };
		89865F5029E9262700E984A1 /* MGLStyle+MXMFilter.h */ = {isa = PBXFileReference; fileEncoding = 4; lastKnownFileType = sourcecode.c.h; path = "MGLStyle+MXMFilter.h"; sourceTree = "<group>"; };
		89865F5129E9262700E984A1 /* MXMGeoVenue.m */ = {isa = PBXFileReference; fileEncoding = 4; lastKnownFileType = sourcecode.c.objc; path = MXMGeoVenue.m; sourceTree = "<group>"; };
		89865F5229E9262700E984A1 /* MXMDecider.h */ = {isa = PBXFileReference; fileEncoding = 4; lastKnownFileType = sourcecode.c.h; path = MXMDecider.h; sourceTree = "<group>"; };
		89865F5429E9262700E984A1 /* MXMLevelModel.h */ = {isa = PBXFileReference; fileEncoding = 4; lastKnownFileType = sourcecode.c.h; path = MXMLevelModel.h; sourceTree = "<group>"; };
		89865F5529E9262700E984A1 /* MGLMapView+MXMSwizzle.h */ = {isa = PBXFileReference; fileEncoding = 4; lastKnownFileType = sourcecode.c.h; path = "MGLMapView+MXMSwizzle.h"; sourceTree = "<group>"; };
		89865F5629E9262700E984A1 /* MXMCacheManager.h */ = {isa = PBXFileReference; fileEncoding = 4; lastKnownFileType = sourcecode.c.h; path = MXMCacheManager.h; sourceTree = "<group>"; };
		89865F5729E9262700E984A1 /* MXMDataQuerier.m */ = {isa = PBXFileReference; fileEncoding = 4; lastKnownFileType = sourcecode.c.objc; path = MXMDataQuerier.m; sourceTree = "<group>"; };
		89865F5829E9262700E984A1 /* MGLStyle+MXMFilter.m */ = {isa = PBXFileReference; fileEncoding = 4; lastKnownFileType = sourcecode.c.objc; path = "MGLStyle+MXMFilter.m"; sourceTree = "<group>"; };
		89865F5929E9262700E984A1 /* MXMAnnotationsHolder.h */ = {isa = PBXFileReference; fileEncoding = 4; lastKnownFileType = sourcecode.c.h; path = MXMAnnotationsHolder.h; sourceTree = "<group>"; };
		89865F5A29E9262700E984A1 /* MGLStyleLayer+MXMFilter.h */ = {isa = PBXFileReference; fileEncoding = 4; lastKnownFileType = sourcecode.c.h; path = "MGLStyleLayer+MXMFilter.h"; sourceTree = "<group>"; };
		89865F6529E9262700E984A1 /* KxMenu.m */ = {isa = PBXFileReference; fileEncoding = 4; lastKnownFileType = sourcecode.c.objc; path = KxMenu.m; sourceTree = "<group>"; };
		89865F6629E9262700E984A1 /* KxMenu.h */ = {isa = PBXFileReference; fileEncoding = 4; lastKnownFileType = sourcecode.c.h; path = KxMenu.h; sourceTree = "<group>"; };
		89865F6A29E9262700E984A1 /* MXMSearchBuildingOperation2.m */ = {isa = PBXFileReference; fileEncoding = 4; lastKnownFileType = sourcecode.c.objc; path = MXMSearchBuildingOperation2.m; sourceTree = "<group>"; };
		89865F6B29E9262700E984A1 /* MXMSearchPOIOperation.m */ = {isa = PBXFileReference; fileEncoding = 4; lastKnownFileType = sourcecode.c.objc; path = MXMSearchPOIOperation.m; sourceTree = "<group>"; };
		89865F6C29E9262700E984A1 /* MXMSearchBuildingOperation2.h */ = {isa = PBXFileReference; fileEncoding = 4; lastKnownFileType = sourcecode.c.h; path = MXMSearchBuildingOperation2.h; sourceTree = "<group>"; };
		89865F6D29E9262700E984A1 /* MXMSearchPOIOperation.h */ = {isa = PBXFileReference; fileEncoding = 4; lastKnownFileType = sourcecode.c.h; path = MXMSearchPOIOperation.h; sourceTree = "<group>"; };
		89865F6F29E9262700E984A1 /* MXMSearchBase.h */ = {isa = PBXFileReference; fileEncoding = 4; lastKnownFileType = sourcecode.c.h; path = MXMSearchBase.h; sourceTree = "<group>"; };
		89865F7029E9262700E984A1 /* MXMGeoCodeSearchResult.m */ = {isa = PBXFileReference; fileEncoding = 4; lastKnownFileType = sourcecode.c.objc; path = MXMGeoCodeSearchResult.m; sourceTree = "<group>"; };
		89865F7129E9262700E984A1 /* MXMGeoCodeSearchOption.h */ = {isa = PBXFileReference; fileEncoding = 4; lastKnownFileType = sourcecode.c.h; path = MXMGeoCodeSearchOption.h; sourceTree = "<group>"; };
		89865F7229E9262700E984A1 /* MXMGeoCodeSearch.h */ = {isa = PBXFileReference; fileEncoding = 4; lastKnownFileType = sourcecode.c.h; path = MXMGeoCodeSearch.h; sourceTree = "<group>"; };
		89865F7329E9262700E984A1 /* MXMSearchBase.m */ = {isa = PBXFileReference; fileEncoding = 4; lastKnownFileType = sourcecode.c.objc; path = MXMSearchBase.m; sourceTree = "<group>"; };
		89865F7429E9262700E984A1 /* MXMGeoCodeSearchResult.h */ = {isa = PBXFileReference; fileEncoding = 4; lastKnownFileType = sourcecode.c.h; path = MXMGeoCodeSearchResult.h; sourceTree = "<group>"; };
		89865F7529E9262700E984A1 /* MXMGeoCodeSearchOption.m */ = {isa = PBXFileReference; fileEncoding = 4; lastKnownFileType = sourcecode.c.objc; path = MXMGeoCodeSearchOption.m; sourceTree = "<group>"; };
		89865F7629E9262700E984A1 /* MXMGeoCodeSearch.m */ = {isa = PBXFileReference; fileEncoding = 4; lastKnownFileType = sourcecode.c.objc; path = MXMGeoCodeSearch.m; sourceTree = "<group>"; };
		89865F7829E9262700E984A1 /* MXMGeoBuilding.h */ = {isa = PBXFileReference; fileEncoding = 4; lastKnownFileType = sourcecode.c.h; path = MXMGeoBuilding.h; sourceTree = "<group>"; };
		89865F7929E9262700E984A1 /* MXMGeoPOI.h */ = {isa = PBXFileReference; fileEncoding = 4; lastKnownFileType = sourcecode.c.h; path = MXMGeoPOI.h; sourceTree = "<group>"; };
		89865F7A29E9262700E984A1 /* MXMConfiguration.m */ = {isa = PBXFileReference; fileEncoding = 4; lastKnownFileType = sourcecode.c.objc; path = MXMConfiguration.m; sourceTree = "<group>"; };
		89865F7B29E9262700E984A1 /* MapxusMap+Private.h */ = {isa = PBXFileReference; fileEncoding = 4; lastKnownFileType = sourcecode.c.h; path = "MapxusMap+Private.h"; sourceTree = "<group>"; };
		89865F7C29E9262700E984A1 /* MXMDefine.h */ = {isa = PBXFileReference; fileEncoding = 4; lastKnownFileType = sourcecode.c.h; path = MXMDefine.h; sourceTree = "<group>"; };
		89865F7D29E9262700E984A1 /* MapxusMap.m */ = {isa = PBXFileReference; fileEncoding = 4; lastKnownFileType = sourcecode.c.objc; path = MapxusMap.m; sourceTree = "<group>"; };
		89865F7E29E9262700E984A1 /* MXMPointAnnotation.m */ = {isa = PBXFileReference; fileEncoding = 4; lastKnownFileType = sourcecode.c.objc; path = MXMPointAnnotation.m; sourceTree = "<group>"; };
		89865F7F29E9262700E984A1 /* MXMGeoPOI.m */ = {isa = PBXFileReference; fileEncoding = 4; lastKnownFileType = sourcecode.c.objc; path = MXMGeoPOI.m; sourceTree = "<group>"; };
		89865F8029E9262700E984A1 /* MXMPointAnnotation+Private.h */ = {isa = PBXFileReference; fileEncoding = 4; lastKnownFileType = sourcecode.c.h; path = "MXMPointAnnotation+Private.h"; sourceTree = "<group>"; };
		89865F8129E9262700E984A1 /* MapxusMapDelegate.h */ = {isa = PBXFileReference; fileEncoding = 4; lastKnownFileType = sourcecode.c.h; path = MapxusMapDelegate.h; sourceTree = "<group>"; };
		89865F8229E9262700E984A1 /* MXMGeoBuilding.m */ = {isa = PBXFileReference; fileEncoding = 4; lastKnownFileType = sourcecode.c.objc; path = MXMGeoBuilding.m; sourceTree = "<group>"; };
		89865F8329E9262700E984A1 /* MXMConfiguration.h */ = {isa = PBXFileReference; fileEncoding = 4; lastKnownFileType = sourcecode.c.h; path = MXMConfiguration.h; sourceTree = "<group>"; };
		89865F8429E9262700E984A1 /* MXMPointAnnotation.h */ = {isa = PBXFileReference; fileEncoding = 4; lastKnownFileType = sourcecode.c.h; path = MXMPointAnnotation.h; sourceTree = "<group>"; };
		89865F8529E9262700E984A1 /* MapxusMap.h */ = {isa = PBXFileReference; fileEncoding = 4; lastKnownFileType = sourcecode.c.h; path = MapxusMap.h; sourceTree = "<group>"; };
		89865FCD29E9273F00E984A1 /* README.md */ = {isa = PBXFileReference; fileEncoding = 4; lastKnownFileType = net.daringfireball.markdown; path = README.md; sourceTree = "<group>"; };
		89865FCE29E9273F00E984A1 /* Gemfile */ = {isa = PBXFileReference; fileEncoding = 4; lastKnownFileType = text; path = Gemfile; sourceTree = "<group>"; };
		89865FCF29E9273F00E984A1 /* document.sh */ = {isa = PBXFileReference; fileEncoding = 4; lastKnownFileType = text.script.sh; path = document.sh; sourceTree = "<group>"; };
		89865FD229E9273F00E984A1 /* kawasaki.prod.xcconfig */ = {isa = PBXFileReference; fileEncoding = 4; lastKnownFileType = text.xcconfig; path = kawasaki.prod.xcconfig; sourceTree = "<group>"; };
		89865FD329E9273F00E984A1 /* common.xcconfig */ = {isa = PBXFileReference; fileEncoding = 4; lastKnownFileType = text.xcconfig; path = common.xcconfig; sourceTree = "<group>"; };
		89865FD529E9273F00E984A1 /* mapxus.prod.xcconfig */ = {isa = PBXFileReference; fileEncoding = 4; lastKnownFileType = text.xcconfig; path = mapxus.prod.xcconfig; sourceTree = "<group>"; };
		89865FD629E9273F00E984A1 /* landsd.prod.xcconfig */ = {isa = PBXFileReference; fileEncoding = 4; lastKnownFileType = text.xcconfig; path = landsd.prod.xcconfig; sourceTree = "<group>"; };
		89865FD729E9273F00E984A1 /* mapxus.test.xcconfig */ = {isa = PBXFileReference; fileEncoding = 4; lastKnownFileType = text.xcconfig; path = mapxus.test.xcconfig; sourceTree = "<group>"; };
		89865FD829E9273F00E984A1 /* landsd.test.xcconfig */ = {isa = PBXFileReference; fileEncoding = 4; lastKnownFileType = text.xcconfig; path = landsd.test.xcconfig; sourceTree = "<group>"; };
		89865FDA29E9273F00E984A1 /* UploadCocoapods.sh */ = {isa = PBXFileReference; fileEncoding = 4; lastKnownFileType = text.script.sh; path = UploadCocoapods.sh; sourceTree = "<group>"; };
		89865FDB29E9273F00E984A1 /* AutoBuild.sh */ = {isa = PBXFileReference; fileEncoding = 4; lastKnownFileType = text.script.sh; path = AutoBuild.sh; sourceTree = "<group>"; };
		89865FDC29E9273F00E984A1 /* IOS-Universal-Framework_aggregate.sh */ = {isa = PBXFileReference; fileEncoding = 4; lastKnownFileType = text.script.sh; path = "IOS-Universal-Framework_aggregate.sh"; sourceTree = "<group>"; };
		89865FF129E9345B00E984A1 /* Mapbox.xcframework */ = {isa = PBXFileReference; lastKnownFileType = wrapper.xcframework; name = Mapbox.xcframework; path = Pods/MapxusRenderSDK/Mapbox.xcframework; sourceTree = "<group>"; };
		89B2EB7A2A284E1200A369E4 /* MXMSite.h */ = {isa = PBXFileReference; lastKnownFileType = sourcecode.c.h; path = MXMSite.h; sourceTree = "<group>"; };
		89B2EB7B2A284E1200A369E4 /* MXMSite.m */ = {isa = PBXFileReference; lastKnownFileType = sourcecode.c.objc; path = MXMSite.m; sourceTree = "<group>"; };
		89C9E1AD2A39963800D93569 /* MXMFloorFoldButton.h */ = {isa = PBXFileReference; lastKnownFileType = sourcecode.c.h; path = MXMFloorFoldButton.h; sourceTree = "<group>"; };
		89C9E1AE2A39963800D93569 /* MXMFloorFoldButton.m */ = {isa = PBXFileReference; lastKnownFileType = sourcecode.c.objc; path = MXMFloorFoldButton.m; sourceTree = "<group>"; };
		89C9E1B12A39966A00D93569 /* MXMFloorBarHeaderFooterView.h */ = {isa = PBXFileReference; lastKnownFileType = sourcecode.c.h; path = MXMFloorBarHeaderFooterView.h; sourceTree = "<group>"; };
		89C9E1B22A39966A00D93569 /* MXMFloorBarHeaderFooterView.m */ = {isa = PBXFileReference; lastKnownFileType = sourcecode.c.objc; path = MXMFloorBarHeaderFooterView.m; sourceTree = "<group>"; };
		89C9E1B52A39968F00D93569 /* MXMFloorSelectorBar.h */ = {isa = PBXFileReference; lastKnownFileType = sourcecode.c.h; path = MXMFloorSelectorBar.h; sourceTree = "<group>"; };
		89C9E1B62A39968F00D93569 /* MXMFloorSelectorBar.m */ = {isa = PBXFileReference; lastKnownFileType = sourcecode.c.objc; path = MXMFloorSelectorBar.m; sourceTree = "<group>"; };
		89C9E1B92A3996BE00D93569 /* MXMFloorBarCell.h */ = {isa = PBXFileReference; lastKnownFileType = sourcecode.c.h; path = MXMFloorBarCell.h; sourceTree = "<group>"; };
		89C9E1BA2A3996BE00D93569 /* MXMFloorBarCell.m */ = {isa = PBXFileReference; lastKnownFileType = sourcecode.c.objc; path = MXMFloorBarCell.m; sourceTree = "<group>"; };
		89C9E1BD2A39998500D93569 /* MXMFloorBarModel.h */ = {isa = PBXFileReference; lastKnownFileType = sourcecode.c.h; path = MXMFloorBarModel.h; sourceTree = "<group>"; };
		89C9E1BE2A39998500D93569 /* MXMFloorBarModel.m */ = {isa = PBXFileReference; lastKnownFileType = sourcecode.c.objc; path = MXMFloorBarModel.m; sourceTree = "<group>"; };
		89C9E1C12A3AE20500D93569 /* MXMSDKBundle.h */ = {isa = PBXFileReference; lastKnownFileType = sourcecode.c.h; path = MXMSDKBundle.h; sourceTree = "<group>"; };
		89C9E1C22A3AE20500D93569 /* MXMSDKBundle.m */ = {isa = PBXFileReference; lastKnownFileType = sourcecode.c.objc; path = MXMSDKBundle.m; sourceTree = "<group>"; };
		89C9E1C52A3AE3FE00D93569 /* UIImage+MXMSdk.h */ = {isa = PBXFileReference; lastKnownFileType = sourcecode.c.h; path = "UIImage+MXMSdk.h"; sourceTree = "<group>"; };
		89C9E1C62A3AE3FE00D93569 /* UIImage+MXMSdk.m */ = {isa = PBXFileReference; lastKnownFileType = sourcecode.c.objc; path = "UIImage+MXMSdk.m"; sourceTree = "<group>"; };
		89C9E1C92A3C58BB00D93569 /* MXMFloorSelectorBar+Private.h */ = {isa = PBXFileReference; lastKnownFileType = sourcecode.c.h; path = "MXMFloorSelectorBar+Private.h"; sourceTree = "<group>"; };
		94F3B6382301B7E3738DF8C9 /* Pods-MapxusMapSDK.debug.xcconfig */ = {isa = PBXFileReference; includeInIndex = 1; lastKnownFileType = text.xcconfig; name = "Pods-MapxusMapSDK.debug.xcconfig"; path = "Target Support Files/Pods-MapxusMapSDK/Pods-MapxusMapSDK.debug.xcconfig"; sourceTree = "<group>"; };
		C11F268EFF8379E21C30B08A /* Pods-MapxusMapSDKTests.debug.xcconfig */ = {isa = PBXFileReference; includeInIndex = 1; lastKnownFileType = text.xcconfig; name = "Pods-MapxusMapSDKTests.debug.xcconfig"; path = "Target Support Files/Pods-MapxusMapSDKTests/Pods-MapxusMapSDKTests.debug.xcconfig"; sourceTree = "<group>"; };
		E3F5BA4C07AEC8BE19BCEE18 /* Pods_MapxusMapSDK.framework */ = {isa = PBXFileReference; explicitFileType = wrapper.framework; includeInIndex = 0; path = Pods_MapxusMapSDK.framework; sourceTree = BUILT_PRODUCTS_DIR; };
		E9BF3B270BB2C9A419AC875C /* Pods-MapxusMapSDK.release.xcconfig */ = {isa = PBXFileReference; includeInIndex = 1; lastKnownFileType = text.xcconfig; name = "Pods-MapxusMapSDK.release.xcconfig"; path = "Target Support Files/Pods-MapxusMapSDK/Pods-MapxusMapSDK.release.xcconfig"; sourceTree = "<group>"; };
/* End PBXFileReference section */

/* Begin PBXFrameworksBuildPhase section */
		89865F0729E9090700E984A1 /* Frameworks */ = {
			isa = PBXFrameworksBuildPhase;
			buildActionMask = 2147483647;
			files = (
				89865FF229E9345B00E984A1 /* Mapbox.xcframework in Frameworks */,
				1C4A9D2057A7A29341284FA7 /* Pods_MapxusMapSDK.framework in Frameworks */,
			);
			runOnlyForDeploymentPostprocessing = 0;
		};
		89865F0F29E9090700E984A1 /* Frameworks */ = {
			isa = PBXFrameworksBuildPhase;
			buildActionMask = 2147483647;
			files = (
				89865F1329E9090700E984A1 /* MapxusMapSDK.framework in Frameworks */,
				8B47EDA58BF706ACF7E0B2A7 /* Pods_MapxusMapSDKTests.framework in Frameworks */,
			);
			runOnlyForDeploymentPostprocessing = 0;
		};
/* End PBXFrameworksBuildPhase section */

/* Begin PBXGroup section */
		1C3E34AF44680768E29BAEF9 /* Frameworks */ = {
			isa = PBXGroup;
			children = (
				89865FF129E9345B00E984A1 /* Mapbox.xcframework */,
				E3F5BA4C07AEC8BE19BCEE18 /* Pods_MapxusMapSDK.framework */,
				04F3A1DB5EB6BB5F6C6A7566 /* Pods_MapxusMapSDKTests.framework */,
			);
			name = Frameworks;
			sourceTree = "<group>";
		};
		1F9FE1867139C2C46726E90C /* Pods */ = {
			isa = PBXGroup;
			children = (
				94F3B6382301B7E3738DF8C9 /* Pods-MapxusMapSDK.debug.xcconfig */,
				E9BF3B270BB2C9A419AC875C /* Pods-MapxusMapSDK.release.xcconfig */,
				C11F268EFF8379E21C30B08A /* Pods-MapxusMapSDKTests.debug.xcconfig */,
				1D22435475B5222BB8270E9F /* Pods-MapxusMapSDKTests.release.xcconfig */,
			);
			path = Pods;
			sourceTree = "<group>";
		};
		893FDBD92A39692C006218D0 /* FloorBar */ = {
			isa = PBXGroup;
			children = (
				89C9E1C92A3C58BB00D93569 /* MXMFloorSelectorBar+Private.h */,
				89C9E1B52A39968F00D93569 /* MXMFloorSelectorBar.h */,
				89C9E1B62A39968F00D93569 /* MXMFloorSelectorBar.m */,
				89C9E1AD2A39963800D93569 /* MXMFloorFoldButton.h */,
				89C9E1AE2A39963800D93569 /* MXMFloorFoldButton.m */,
				89C9E1B92A3996BE00D93569 /* MXMFloorBarCell.h */,
				89C9E1BA2A3996BE00D93569 /* MXMFloorBarCell.m */,
				89C9E1B12A39966A00D93569 /* MXMFloorBarHeaderFooterView.h */,
				89C9E1B22A39966A00D93569 /* MXMFloorBarHeaderFooterView.m */,
				89C9E1BD2A39998500D93569 /* MXMFloorBarModel.h */,
				89C9E1BE2A39998500D93569 /* MXMFloorBarModel.m */,
			);
			path = FloorBar;
			sourceTree = "<group>";
		};
		89865F0029E9090700E984A1 = {
			isa = PBXGroup;
			children = (
				89865FCE29E9273F00E984A1 /* Gemfile */,
				89865FCD29E9273F00E984A1 /* README.md */,
				89865FD029E9273F00E984A1 /* BuildConfig */,
				89865FDB29E9273F00E984A1 /* AutoBuild.sh */,
				89865FCF29E9273F00E984A1 /* document.sh */,
				89865FDC29E9273F00E984A1 /* IOS-Universal-Framework_aggregate.sh */,
				89865FDA29E9273F00E984A1 /* UploadCocoapods.sh */,
				89865F0C29E9090700E984A1 /* MapxusMapSDK */,
				89865F1629E9090700E984A1 /* MapxusMapSDKTests */,
				89865F0B29E9090700E984A1 /* Products */,
				1F9FE1867139C2C46726E90C /* Pods */,
				1C3E34AF44680768E29BAEF9 /* Frameworks */,
			);
			sourceTree = "<group>";
		};
		89865F0B29E9090700E984A1 /* Products */ = {
			isa = PBXGroup;
			children = (
				89865F0A29E9090700E984A1 /* MapxusMapSDK.framework */,
				89865F1229E9090700E984A1 /* MapxusMapSDKTests.xctest */,
			);
			name = Products;
			sourceTree = "<group>";
		};
		89865F0C29E9090700E984A1 /* MapxusMapSDK */ = {
			isa = PBXGroup;
			children = (
				89865F3829E9262700E984A1 /* MapxusBundle */,
				89865F5B29E9262700E984A1 /* Controllers */,
				89865F3129E9262700E984A1 /* FoundationKit */,
				89865F7729E9262700E984A1 /* MapKit */,
				89865F6E29E9262700E984A1 /* NewSearchKit */,
				89865F6929E9262700E984A1 /* Operations */,
				89865F4629E9262700E984A1 /* Private */,
				89865F3F29E9262700E984A1 /* SearchKit */,
				89865F0D29E9090700E984A1 /* MapxusMapSDK.h */,
			);
			path = MapxusMapSDK;
			sourceTree = "<group>";
		};
		89865F1629E9090700E984A1 /* MapxusMapSDKTests */ = {
			isa = PBXGroup;
			children = (
				89865F2229E925EB00E984A1 /* UnitTest */,
			);
			path = MapxusMapSDKTests;
			sourceTree = "<group>";
		};
		89865F2229E925EB00E984A1 /* UnitTest */ = {
			isa = PBXGroup;
			children = (
				89865F2329E925EB00E984A1 /* MXMAnnotationsHolderTests.m */,
				89865F2429E925EB00E984A1 /* MGLStylerLayerFilterTests.m */,
				89865F2529E925EB00E984A1 /* MXMGeoPointTests.m */,
				89865F2629E925EB00E984A1 /* MXMDataQuerierTests.m */,
				89865F2729E925EB00E984A1 /* MXMDeciderTests.m */,
				89865F2829E925EB00E984A1 /* CLFloorCategory */,
			);
			path = UnitTest;
			sourceTree = "<group>";
		};
		89865F2829E925EB00E984A1 /* CLFloorCategory */ = {
			isa = PBXGroup;
			children = (
				89865F2929E925EB00E984A1 /* CLFloor+Factory.m */,
				89865F2A29E925EB00E984A1 /* CLFloor+Factory.h */,
			);
			path = CLFloorCategory;
			sourceTree = "<group>";
		};
		89865F3129E9262700E984A1 /* FoundationKit */ = {
			isa = PBXGroup;
			children = (
				89865F3229E9262700E984A1 /* MXMHttpManager.h */,
				89865F3329E9262700E984A1 /* JXJsonFunctionDefine.h */,
				89865F3429E9262700E984A1 /* MXMLoggerService.h */,
				89865F3529E9262700E984A1 /* NSString+Compare.h */,
				89865F3629E9262700E984A1 /* MXMMapServices+Private.h */,
				89865F3729E9262700E984A1 /* MXMConstants.h */,
			);
			path = FoundationKit;
			sourceTree = "<group>";
		};
		89865F3829E9262700E984A1 /* MapxusBundle */ = {
			isa = PBXGroup;
			children = (
				89865F3929E9262700E984A1 /* Localizable.strings */,
				89865F3E29E9262700E984A1 /* images.xcassets */,
			);
			path = MapxusBundle;
			sourceTree = "<group>";
		};
		89865F3F29E9262700E984A1 /* SearchKit */ = {
			isa = PBXGroup;
			children = (
				89865F4429E9262700E984A1 /* MXMCommonObj.h */,
				89865F4029E9262700E984A1 /* MXMCommonObj.m */,
				89865F4529E9262700E984A1 /* MXMSearchObj.h */,
				89865F4229E9262700E984A1 /* MXMSearchObj.m */,
				89865F4129E9262700E984A1 /* MXMSearchAPI.h */,
				89865F4329E9262700E984A1 /* MXMSearchAPI.m */,
			);
			path = SearchKit;
			sourceTree = "<group>";
		};
		89865F4629E9262700E984A1 /* Private */ = {
			isa = PBXGroup;
			children = (
				89865F5529E9262700E984A1 /* MGLMapView+MXMSwizzle.h */,
				89865F4729E9262700E984A1 /* MGLMapView+MXMSwizzle.m */,
				89865F5629E9262700E984A1 /* MXMCacheManager.h */,
				89865F4C29E9262700E984A1 /* MXMCacheManager.m */,
				89865F4D29E9262700E984A1 /* MXMDataQuerier.h */,
				89865F5729E9262700E984A1 /* MXMDataQuerier.m */,
				89865F5A29E9262700E984A1 /* MGLStyleLayer+MXMFilter.h */,
				89865F4E29E9262700E984A1 /* MGLStyleLayer+MXMFilter.m */,
				89865F5929E9262700E984A1 /* MXMAnnotationsHolder.h */,
				89865F4F29E9262700E984A1 /* MXMAnnotationsHolder.m */,
				89865F5029E9262700E984A1 /* MGLStyle+MXMFilter.h */,
				89865F5829E9262700E984A1 /* MGLStyle+MXMFilter.m */,
				89865F5229E9262700E984A1 /* MXMDecider.h */,
				89865F4A29E9262700E984A1 /* MXMDecider.m */,
				89865F5429E9262700E984A1 /* MXMLevelModel.h */,
				89865F4829E9262700E984A1 /* MXMLevelModel.m */,
			);
			path = Private;
			sourceTree = "<group>";
		};
		89865F5B29E9262700E984A1 /* Controllers */ = {
			isa = PBXGroup;
			children = (
				89C9E1C12A3AE20500D93569 /* MXMSDKBundle.h */,
				89C9E1C22A3AE20500D93569 /* MXMSDKBundle.m */,
				89C9E1C52A3AE3FE00D93569 /* UIImage+MXMSdk.h */,
				89C9E1C62A3AE3FE00D93569 /* UIImage+MXMSdk.m */,
				893FDBD92A39692C006218D0 /* FloorBar */,
				89865F6429E9262700E984A1 /* KxMenu */,
			);
			path = Controllers;
			sourceTree = "<group>";
		};
		89865F6429E9262700E984A1 /* KxMenu */ = {
			isa = PBXGroup;
			children = (
				89865F6629E9262700E984A1 /* KxMenu.h */,
				89865F6529E9262700E984A1 /* KxMenu.m */,
			);
			path = KxMenu;
			sourceTree = "<group>";
		};
		89865F6929E9262700E984A1 /* Operations */ = {
			isa = PBXGroup;
			children = (
				89865F6C29E9262700E984A1 /* MXMSearchBuildingOperation2.h */,
				89865F6A29E9262700E984A1 /* MXMSearchBuildingOperation2.m */,
				89865F6D29E9262700E984A1 /* MXMSearchPOIOperation.h */,
				89865F6B29E9262700E984A1 /* MXMSearchPOIOperation.m */,
			);
			path = Operations;
			sourceTree = "<group>";
		};
		89865F6E29E9262700E984A1 /* NewSearchKit */ = {
			isa = PBXGroup;
			children = (
				89865F6F29E9262700E984A1 /* MXMSearchBase.h */,
				89865F7329E9262700E984A1 /* MXMSearchBase.m */,
				89865F7429E9262700E984A1 /* MXMGeoCodeSearchResult.h */,
				89865F7029E9262700E984A1 /* MXMGeoCodeSearchResult.m */,
				89865F7129E9262700E984A1 /* MXMGeoCodeSearchOption.h */,
				89865F7529E9262700E984A1 /* MXMGeoCodeSearchOption.m */,
				89865F7229E9262700E984A1 /* MXMGeoCodeSearch.h */,
				89865F7629E9262700E984A1 /* MXMGeoCodeSearch.m */,
			);
			path = NewSearchKit;
			sourceTree = "<group>";
		};
		89865F7729E9262700E984A1 /* MapKit */ = {
			isa = PBXGroup;
			children = (
				89865F7C29E9262700E984A1 /* MXMDefine.h */,
				89B2EB7A2A284E1200A369E4 /* MXMSite.h */,
				89B2EB7B2A284E1200A369E4 /* MXMSite.m */,
				89865F4B29E9262700E984A1 /* MXMGeoVenue.h */,
				89865F5129E9262700E984A1 /* MXMGeoVenue.m */,
				89865F7829E9262700E984A1 /* MXMGeoBuilding.h */,
				89865F8229E9262700E984A1 /* MXMGeoBuilding.m */,
				89865F7929E9262700E984A1 /* MXMGeoPOI.h */,
				89865F7F29E9262700E984A1 /* MXMGeoPOI.m */,
				89865F8029E9262700E984A1 /* MXMPointAnnotation+Private.h */,
				89865F8429E9262700E984A1 /* MXMPointAnnotation.h */,
				89865F7E29E9262700E984A1 /* MXMPointAnnotation.m */,
				89865F8329E9262700E984A1 /* MXMConfiguration.h */,
				89865F7A29E9262700E984A1 /* MXMConfiguration.m */,
				89865F8129E9262700E984A1 /* MapxusMapDelegate.h */,
				89865F7B29E9262700E984A1 /* MapxusMap+Private.h */,
				89865F8529E9262700E984A1 /* MapxusMap.h */,
				89865F7D29E9262700E984A1 /* MapxusMap.m */,
				8929331E2A247AF8003C0DE6 /* MXMBorderStyle.h */,
				8929331F2A247AF8003C0DE6 /* MXMBorderStyle.m */,
				896BD7F929F2614500ED8D9F /* MXMAlertController.h */,
				896BD7F729F2610300ED8D9F /* MXMAlertController.m */,
				896BD85A2A0C7C0700ED8D9F /* MXMLogoView.h */,
				896BD85B2A0C7C0700ED8D9F /* MXMLogoView.m */,
				896BD85E2A0C866C00ED8D9F /* MXMLogoButton.h */,
				896BD85F2A0C866C00ED8D9F /* MXMLogoButton.m */,
			);
			path = MapKit;
			sourceTree = "<group>";
		};
		89865FD029E9273F00E984A1 /* BuildConfig */ = {
			isa = PBXGroup;
			children = (
				89865FD329E9273F00E984A1 /* common.xcconfig */,
				89865FD229E9273F00E984A1 /* kawasaki.prod.xcconfig */,
				89865FD529E9273F00E984A1 /* mapxus.prod.xcconfig */,
				89865FD629E9273F00E984A1 /* landsd.prod.xcconfig */,
				89865FD729E9273F00E984A1 /* mapxus.test.xcconfig */,
				89865FD829E9273F00E984A1 /* landsd.test.xcconfig */,
			);
			path = BuildConfig;
			sourceTree = "<group>";
		};
/* End PBXGroup section */

/* Begin PBXHeadersBuildPhase section */
		89865F0529E9090700E984A1 /* Headers */ = {
			isa = PBXHeadersBuildPhase;
			buildActionMask = 2147483647;
			files = (
				89865FC329E9262700E984A1 /* MXMDefine.h in Headers */,
				89865FA129E9262700E984A1 /* MXMLevelModel.h in Headers */,
				89C9E1BF2A39998500D93569 /* MXMFloorBarModel.h in Headers */,
				89865FCA29E9262700E984A1 /* MXMConfiguration.h in Headers */,
				89865FCC29E9262700E984A1 /* MapxusMap.h in Headers */,
				89865FC029E9262700E984A1 /* MXMGeoPOI.h in Headers */,
				89865FBF29E9262700E984A1 /* MXMGeoBuilding.h in Headers */,
				89865FB729E9262700E984A1 /* MXMSearchBase.h in Headers */,
				89865FCB29E9262700E984A1 /* MXMPointAnnotation.h in Headers */,
				89865FBA29E9262700E984A1 /* MXMGeoCodeSearch.h in Headers */,
				89865F9329E9262700E984A1 /* MXMSearchObj.h in Headers */,
				89C9E1BB2A3996BE00D93569 /* MXMFloorBarCell.h in Headers */,
				89865FBC29E9262700E984A1 /* MXMGeoCodeSearchResult.h in Headers */,
				89865FC829E9262700E984A1 /* MapxusMapDelegate.h in Headers */,
				89865FB929E9262700E984A1 /* MXMGeoCodeSearchOption.h in Headers */,
				89C9E1B72A39968F00D93569 /* MXMFloorSelectorBar.h in Headers */,
				89C9E1CA2A3C58BB00D93569 /* MXMFloorSelectorBar+Private.h in Headers */,
				89865F9229E9262700E984A1 /* MXMCommonObj.h in Headers */,
				89C9E1C32A3AE20500D93569 /* MXMSDKBundle.h in Headers */,
				89865F8F29E9262700E984A1 /* MXMSearchAPI.h in Headers */,
				89B2EB7C2A284E1200A369E4 /* MXMSite.h in Headers */,
				89865F9829E9262700E984A1 /* MXMGeoVenue.h in Headers */,
				892933202A247AF8003C0DE6 /* MXMBorderStyle.h in Headers */,
				89865F8A29E9262700E984A1 /* MXMMapServices+Private.h in Headers */,
				89865FB529E9262700E984A1 /* MXMSearchBuildingOperation2.h in Headers */,
				89865FC729E9262700E984A1 /* MXMPointAnnotation+Private.h in Headers */,
				89C9E1AF2A39963800D93569 /* MXMFloorFoldButton.h in Headers */,
				89865F8729E9262700E984A1 /* JXJsonFunctionDefine.h in Headers */,
				89C9E1C72A3AE3FE00D93569 /* UIImage+MXMSdk.h in Headers */,
				89865F9A29E9262700E984A1 /* MXMDataQuerier.h in Headers */,
				89865FB029E9262700E984A1 /* KxMenu.h in Headers */,
				89865F8929E9262700E984A1 /* NSString+Compare.h in Headers */,
				89865F9F29E9262700E984A1 /* MXMDecider.h in Headers */,
				89865FA329E9262700E984A1 /* MXMCacheManager.h in Headers */,
				89865F9D29E9262700E984A1 /* MGLStyle+MXMFilter.h in Headers */,
				89865F8B29E9262700E984A1 /* MXMConstants.h in Headers */,
				89865F1929E9090700E984A1 /* MapxusMapSDK.h in Headers */,
				89865F8629E9262700E984A1 /* MXMHttpManager.h in Headers */,
				89865FC229E9262700E984A1 /* MapxusMap+Private.h in Headers */,
				89C9E1B32A39966A00D93569 /* MXMFloorBarHeaderFooterView.h in Headers */,
				89865FA629E9262700E984A1 /* MXMAnnotationsHolder.h in Headers */,
				89865FB629E9262700E984A1 /* MXMSearchPOIOperation.h in Headers */,
				89865FA729E9262700E984A1 /* MGLStyleLayer+MXMFilter.h in Headers */,
				89865F8829E9262700E984A1 /* MXMLoggerService.h in Headers */,
				89865FA229E9262700E984A1 /* MGLMapView+MXMSwizzle.h in Headers */,
				896BD8602A0C866C00ED8D9F /* MXMLogoButton.h in Headers */,
				896BD85C2A0C7C0700ED8D9F /* MXMLogoView.h in Headers */,
			);
			runOnlyForDeploymentPostprocessing = 0;
		};
/* End PBXHeadersBuildPhase section */

/* Begin PBXNativeTarget section */
		89865F0929E9090700E984A1 /* MapxusMapSDK */ = {
			isa = PBXNativeTarget;
			buildConfigurationList = 89865F1C29E9090700E984A1 /* Build configuration list for PBXNativeTarget "MapxusMapSDK" */;
			buildPhases = (
				DFA42EFBA13A99590AE8414B /* [CP] Check Pods Manifest.lock */,
				89865F0529E9090700E984A1 /* Headers */,
				89865F0629E9090700E984A1 /* Sources */,
				89865F0729E9090700E984A1 /* Frameworks */,
				89865F0829E9090700E984A1 /* Resources */,
				896BD7F329F134E200ED8D9F /* ShellScript */,
			);
			buildRules = (
			);
			dependencies = (
			);
			name = MapxusMapSDK;
			productName = MapxusMapSDK;
			productReference = 89865F0A29E9090700E984A1 /* MapxusMapSDK.framework */;
			productType = "com.apple.product-type.framework";
		};
		89865F1129E9090700E984A1 /* MapxusMapSDKTests */ = {
			isa = PBXNativeTarget;
			buildConfigurationList = 89865F1F29E9090700E984A1 /* Build configuration list for PBXNativeTarget "MapxusMapSDKTests" */;
			buildPhases = (
				CF1107A2BFCC7CB62B224183 /* [CP] Check Pods Manifest.lock */,
				89865F0E29E9090700E984A1 /* Sources */,
				89865F0F29E9090700E984A1 /* Frameworks */,
				89865F1029E9090700E984A1 /* Resources */,
				5155A79143EDB8A5F39A06A6 /* [CP] Embed Pods Frameworks */,
			);
			buildRules = (
			);
			dependencies = (
				89865F1529E9090700E984A1 /* PBXTargetDependency */,
			);
			name = MapxusMapSDKTests;
			productName = MapxusMapSDKTests;
			productReference = 89865F1229E9090700E984A1 /* MapxusMapSDKTests.xctest */;
			productType = "com.apple.product-type.bundle.unit-test";
		};
/* End PBXNativeTarget section */

/* Begin PBXProject section */
		89865F0129E9090700E984A1 /* Project object */ = {
			isa = PBXProject;
			attributes = {
				BuildIndependentTargetsInParallel = 1;
				CLASSPREFIX = MXM;
				LastUpgradeCheck = 1430;
				ORGANIZATIONNAME = "MAPHIVE TECHNOLOGY LIMITED.";
				TargetAttributes = {
					89865F0929E9090700E984A1 = {
						CreatedOnToolsVersion = 14.3;
					};
					89865F1129E9090700E984A1 = {
						CreatedOnToolsVersion = 14.3;
					};
					89865FEC29E92A3300E984A1 = {
						CreatedOnToolsVersion = 14.3;
					};
				};
			};
			buildConfigurationList = 89865F0429E9090700E984A1 /* Build configuration list for PBXProject "MapxusMapSDK" */;
			compatibilityVersion = "Xcode 14.0";
			developmentRegion = en;
			hasScannedForEncodings = 0;
			knownRegions = (
				en,
				Base,
				"zh-Hans",
				"zh-HK",
				"zh-Hant",
				ja,
				ko,
			);
			mainGroup = 89865F0029E9090700E984A1;
			productRefGroup = 89865F0B29E9090700E984A1 /* Products */;
			projectDirPath = "";
			projectRoot = "";
			targets = (
				89865F0929E9090700E984A1 /* MapxusMapSDK */,
				89865F1129E9090700E984A1 /* MapxusMapSDKTests */,
				89865FEC29E92A3300E984A1 /* MapxusMapSDK-Universal */,
			);
		};
/* End PBXProject section */

/* Begin PBXResourcesBuildPhase section */
		89865F0829E9090700E984A1 /* Resources */ = {
			isa = PBXResourcesBuildPhase;
			buildActionMask = 2147483647;
			files = (
				89865F8C29E9262700E984A1 /* Localizable.strings in Resources */,
				89865F8D29E9262700E984A1 /* images.xcassets in Resources */,
			);
			runOnlyForDeploymentPostprocessing = 0;
		};
		89865F1029E9090700E984A1 /* Resources */ = {
			isa = PBXResourcesBuildPhase;
			buildActionMask = 2147483647;
			files = (
			);
			runOnlyForDeploymentPostprocessing = 0;
		};
/* End PBXResourcesBuildPhase section */

/* Begin PBXShellScriptBuildPhase section */
		5155A79143EDB8A5F39A06A6 /* [CP] Embed Pods Frameworks */ = {
			isa = PBXShellScriptBuildPhase;
			buildActionMask = 2147483647;
			files = (
			);
			inputFileListPaths = (
				"${PODS_ROOT}/Target Support Files/Pods-MapxusMapSDKTests/Pods-MapxusMapSDKTests-frameworks-${CONFIGURATION}-input-files.xcfilelist",
			);
			name = "[CP] Embed Pods Frameworks";
			outputFileListPaths = (
				"${PODS_ROOT}/Target Support Files/Pods-MapxusMapSDKTests/Pods-MapxusMapSDKTests-frameworks-${CONFIGURATION}-output-files.xcfilelist",
			);
			runOnlyForDeploymentPostprocessing = 0;
			shellPath = /bin/sh;
			shellScript = "\"${PODS_ROOT}/Target Support Files/Pods-MapxusMapSDKTests/Pods-MapxusMapSDKTests-frameworks.sh\"\n";
			showEnvVarsInLog = 0;
		};
		896BD7F329F134E200ED8D9F /* ShellScript */ = {
			isa = PBXShellScriptBuildPhase;
			buildActionMask = 2147483647;
			files = (
			);
			inputFileListPaths = (
			);
			inputPaths = (
			);
			outputFileListPaths = (
			);
			outputPaths = (
			);
			runOnlyForDeploymentPostprocessing = 0;
			shellPath = /bin/sh;
			shellScript = "# Type a script or drag a script file from your workspace to insert its path.\n#bash document.sh\n";
		};
		89865FF029E92A3700E984A1 /* ShellScript */ = {
			isa = PBXShellScriptBuildPhase;
			buildActionMask = 2147483647;
			files = (
			);
			inputFileListPaths = (
			);
			inputPaths = (
			);
			outputFileListPaths = (
			);
			outputPaths = (
			);
			runOnlyForDeploymentPostprocessing = 0;
			shellPath = /bin/sh;
			shellScript = "# Type a script or drag a script file from your workspace to insert its path.\nbash \"${PROJECT_DIR}/IOS-Universal-Framework_aggregate.sh\"\n";
		};
		CF1107A2BFCC7CB62B224183 /* [CP] Check Pods Manifest.lock */ = {
			isa = PBXShellScriptBuildPhase;
			buildActionMask = 2147483647;
			files = (
			);
			inputFileListPaths = (
			);
			inputPaths = (
				"${PODS_PODFILE_DIR_PATH}/Podfile.lock",
				"${PODS_ROOT}/Manifest.lock",
			);
			name = "[CP] Check Pods Manifest.lock";
			outputFileListPaths = (
			);
			outputPaths = (
				"$(DERIVED_FILE_DIR)/Pods-MapxusMapSDKTests-checkManifestLockResult.txt",
			);
			runOnlyForDeploymentPostprocessing = 0;
			shellPath = /bin/sh;
			shellScript = "diff \"${PODS_PODFILE_DIR_PATH}/Podfile.lock\" \"${PODS_ROOT}/Manifest.lock\" > /dev/null\nif [ $? != 0 ] ; then\n    # print error to STDERR\n    echo \"error: The sandbox is not in sync with the Podfile.lock. Run 'pod install' or update your CocoaPods installation.\" >&2\n    exit 1\nfi\n# This output is used by Xcode 'outputs' to avoid re-running this script phase.\necho \"SUCCESS\" > \"${SCRIPT_OUTPUT_FILE_0}\"\n";
			showEnvVarsInLog = 0;
		};
		DFA42EFBA13A99590AE8414B /* [CP] Check Pods Manifest.lock */ = {
			isa = PBXShellScriptBuildPhase;
			buildActionMask = 2147483647;
			files = (
			);
			inputFileListPaths = (
			);
			inputPaths = (
				"${PODS_PODFILE_DIR_PATH}/Podfile.lock",
				"${PODS_ROOT}/Manifest.lock",
			);
			name = "[CP] Check Pods Manifest.lock";
			outputFileListPaths = (
			);
			outputPaths = (
				"$(DERIVED_FILE_DIR)/Pods-MapxusMapSDK-checkManifestLockResult.txt",
			);
			runOnlyForDeploymentPostprocessing = 0;
			shellPath = /bin/sh;
			shellScript = "diff \"${PODS_PODFILE_DIR_PATH}/Podfile.lock\" \"${PODS_ROOT}/Manifest.lock\" > /dev/null\nif [ $? != 0 ] ; then\n    # print error to STDERR\n    echo \"error: The sandbox is not in sync with the Podfile.lock. Run 'pod install' or update your CocoaPods installation.\" >&2\n    exit 1\nfi\n# This output is used by Xcode 'outputs' to avoid re-running this script phase.\necho \"SUCCESS\" > \"${SCRIPT_OUTPUT_FILE_0}\"\n";
			showEnvVarsInLog = 0;
		};
/* End PBXShellScriptBuildPhase section */

/* Begin PBXSourcesBuildPhase section */
		89865F0629E9090700E984A1 /* Sources */ = {
			isa = PBXSourcesBuildPhase;
			buildActionMask = 2147483647;
			files = (
				89865FBD29E9262700E984A1 /* MXMGeoCodeSearchOption.m in Sources */,
				89865F9529E9262700E984A1 /* MXMLevelModel.m in Sources */,
				89865FC429E9262700E984A1 /* MapxusMap.m in Sources */,
				89865FC629E9262700E984A1 /* MXMGeoPOI.m in Sources */,
				89C9E1B02A39963800D93569 /* MXMFloorFoldButton.m in Sources */,
				89865F9729E9262700E984A1 /* MXMDecider.m in Sources */,
				89865F9429E9262700E984A1 /* MGLMapView+MXMSwizzle.m in Sources */,
				892933212A247AF8003C0DE6 /* MXMBorderStyle.m in Sources */,
				89865FBB29E9262700E984A1 /* MXMSearchBase.m in Sources */,
				896BD7F829F2610300ED8D9F /* MXMAlertController.m in Sources */,
				89865F9029E9262700E984A1 /* MXMSearchObj.m in Sources */,
				896BD8612A0C866C00ED8D9F /* MXMLogoButton.m in Sources */,
				89B2EB7D2A284E1200A369E4 /* MXMSite.m in Sources */,
				89865FA429E9262700E984A1 /* MXMDataQuerier.m in Sources */,
				89865FB329E9262700E984A1 /* MXMSearchBuildingOperation2.m in Sources */,
				89865F9E29E9262700E984A1 /* MXMGeoVenue.m in Sources */,
				89C9E1C02A39998500D93569 /* MXMFloorBarModel.m in Sources */,
				89865FBE29E9262700E984A1 /* MXMGeoCodeSearch.m in Sources */,
				89865FA529E9262700E984A1 /* MGLStyle+MXMFilter.m in Sources */,
				896BD85D2A0C7C0700ED8D9F /* MXMLogoView.m in Sources */,
				89865F9129E9262700E984A1 /* MXMSearchAPI.m in Sources */,
				89865FB829E9262700E984A1 /* MXMGeoCodeSearchResult.m in Sources */,
				89C9E1B42A39966A00D93569 /* MXMFloorBarHeaderFooterView.m in Sources */,
				89C9E1C82A3AE3FE00D93569 /* UIImage+MXMSdk.m in Sources */,
				89C9E1B82A39968F00D93569 /* MXMFloorSelectorBar.m in Sources */,
				89865F9B29E9262700E984A1 /* MGLStyleLayer+MXMFilter.m in Sources */,
				89865FC129E9262700E984A1 /* MXMConfiguration.m in Sources */,
				89865F9929E9262700E984A1 /* MXMCacheManager.m in Sources */,
				89865FAF29E9262700E984A1 /* KxMenu.m in Sources */,
				89C9E1C42A3AE20500D93569 /* MXMSDKBundle.m in Sources */,
				89865FC529E9262700E984A1 /* MXMPointAnnotation.m in Sources */,
				89865F9C29E9262700E984A1 /* MXMAnnotationsHolder.m in Sources */,
				89865FC929E9262700E984A1 /* MXMGeoBuilding.m in Sources */,
				89C9E1BC2A3996BE00D93569 /* MXMFloorBarCell.m in Sources */,
				89865F8E29E9262700E984A1 /* MXMCommonObj.m in Sources */,
				89865FB429E9262700E984A1 /* MXMSearchPOIOperation.m in Sources */,
			);
			runOnlyForDeploymentPostprocessing = 0;
		};
		89865F0E29E9090700E984A1 /* Sources */ = {
			isa = PBXSourcesBuildPhase;
			buildActionMask = 2147483647;
			files = (
				89865F2C29E925EB00E984A1 /* MGLStylerLayerFilterTests.m in Sources */,
				89865F2F29E925EB00E984A1 /* MXMDeciderTests.m in Sources */,
				89865F3029E925EB00E984A1 /* CLFloor+Factory.m in Sources */,
				89865F2E29E925EB00E984A1 /* MXMDataQuerierTests.m in Sources */,
				89865F2B29E925EB00E984A1 /* MXMAnnotationsHolderTests.m in Sources */,
				89865F2D29E925EB00E984A1 /* MXMGeoPointTests.m in Sources */,
			);
			runOnlyForDeploymentPostprocessing = 0;
		};
/* End PBXSourcesBuildPhase section */

/* Begin PBXTargetDependency section */
		89865F1529E9090700E984A1 /* PBXTargetDependency */ = {
			isa = PBXTargetDependency;
			target = 89865F0929E9090700E984A1 /* MapxusMapSDK */;
			targetProxy = 89865F1429E9090700E984A1 /* PBXContainerItemProxy */;
		};
/* End PBXTargetDependency section */

/* Begin PBXVariantGroup section */
		89865F3929E9262700E984A1 /* Localizable.strings */ = {
			isa = PBXVariantGroup;
			children = (
				89865F3A29E9262700E984A1 /* zh-Hans */,
				89865F3B29E9262700E984A1 /* en */,
				89865F3C29E9262700E984A1 /* zh-HK */,
				89865F3D29E9262700E984A1 /* zh-Hant */,
				896BD8582A0BA21000ED8D9F /* ja */,
				896BD8592A0BA22200ED8D9F /* ko */,
			);
			name = Localizable.strings;
			sourceTree = "<group>";
		};
/* End PBXVariantGroup section */

/* Begin XCBuildConfiguration section */
		89865F1A29E9090700E984A1 /* Debug */ = {
			isa = XCBuildConfiguration;
			baseConfigurationReference = 89865FD529E9273F00E984A1 /* mapxus.prod.xcconfig */;
			buildSettings = {
				ALWAYS_SEARCH_USER_PATHS = NO;
				CLANG_ANALYZER_NONNULL = YES;
				CLANG_ANALYZER_NUMBER_OBJECT_CONVERSION = YES_AGGRESSIVE;
				CLANG_CXX_LANGUAGE_STANDARD = "gnu++20";
				CLANG_ENABLE_MODULES = YES;
				CLANG_ENABLE_OBJC_ARC = YES;
				CLANG_ENABLE_OBJC_WEAK = YES;
				CLANG_WARN_BLOCK_CAPTURE_AUTORELEASING = YES;
				CLANG_WARN_BOOL_CONVERSION = YES;
				CLANG_WARN_COMMA = YES;
				CLANG_WARN_CONSTANT_CONVERSION = YES;
				CLANG_WARN_DEPRECATED_OBJC_IMPLEMENTATIONS = YES;
				CLANG_WARN_DIRECT_OBJC_ISA_USAGE = YES_ERROR;
				CLANG_WARN_DOCUMENTATION_COMMENTS = YES;
				CLANG_WARN_EMPTY_BODY = YES;
				CLANG_WARN_ENUM_CONVERSION = YES;
				CLANG_WARN_INFINITE_RECURSION = YES;
				CLANG_WARN_INT_CONVERSION = YES;
				CLANG_WARN_NON_LITERAL_NULL_CONVERSION = YES;
				CLANG_WARN_OBJC_IMPLICIT_RETAIN_SELF = YES;
				CLANG_WARN_OBJC_LITERAL_CONVERSION = YES;
				CLANG_WARN_OBJC_ROOT_CLASS = YES_ERROR;
				CLANG_WARN_QUOTED_INCLUDE_IN_FRAMEWORK_HEADER = YES;
				CLANG_WARN_RANGE_LOOP_ANALYSIS = YES;
				CLANG_WARN_STRICT_PROTOTYPES = YES;
				CLANG_WARN_SUSPICIOUS_MOVE = YES;
				CLANG_WARN_UNGUARDED_AVAILABILITY = YES_AGGRESSIVE;
				CLANG_WARN_UNREACHABLE_CODE = YES;
				CLANG_WARN__DUPLICATE_METHOD_MATCH = YES;
				COPY_PHASE_STRIP = NO;
				CURRENT_PROJECT_VERSION = 23.06.29.11.54;
				DEBUG_INFORMATION_FORMAT = dwarf;
				ENABLE_STRICT_OBJC_MSGSEND = YES;
				ENABLE_TESTABILITY = YES;
				GCC_C_LANGUAGE_STANDARD = gnu11;
				GCC_DYNAMIC_NO_PIC = NO;
				GCC_NO_COMMON_BLOCKS = YES;
				GCC_OPTIMIZATION_LEVEL = 0;
				GCC_PREPROCESSOR_DEFINITIONS = (
					"DEBUG=1",
					"$(inherited)",
				);
				GCC_WARN_64_TO_32_BIT_CONVERSION = YES;
				GCC_WARN_ABOUT_RETURN_TYPE = YES_ERROR;
				GCC_WARN_UNDECLARED_SELECTOR = YES;
				GCC_WARN_UNINITIALIZED_AUTOS = YES_AGGRESSIVE;
				GCC_WARN_UNUSED_FUNCTION = YES;
				GCC_WARN_UNUSED_VARIABLE = YES;
				IPHONEOS_DEPLOYMENT_TARGET = 16.4;
				MTL_ENABLE_DEBUG_INFO = INCLUDE_SOURCE;
				MTL_FAST_MATH = YES;
				ONLY_ACTIVE_ARCH = YES;
				SDKROOT = iphoneos;
				VERSIONING_SYSTEM = "apple-generic";
				VERSION_INFO_PREFIX = "";
			};
			name = Debug;
		};
		89865F1B29E9090700E984A1 /* Release */ = {
			isa = XCBuildConfiguration;
			baseConfigurationReference = 89865FD529E9273F00E984A1 /* mapxus.prod.xcconfig */;
			buildSettings = {
				ALWAYS_SEARCH_USER_PATHS = NO;
				CLANG_ANALYZER_NONNULL = YES;
				CLANG_ANALYZER_NUMBER_OBJECT_CONVERSION = YES_AGGRESSIVE;
				CLANG_CXX_LANGUAGE_STANDARD = "gnu++20";
				CLANG_ENABLE_MODULES = YES;
				CLANG_ENABLE_OBJC_ARC = YES;
				CLANG_ENABLE_OBJC_WEAK = YES;
				CLANG_WARN_BLOCK_CAPTURE_AUTORELEASING = YES;
				CLANG_WARN_BOOL_CONVERSION = YES;
				CLANG_WARN_COMMA = YES;
				CLANG_WARN_CONSTANT_CONVERSION = YES;
				CLANG_WARN_DEPRECATED_OBJC_IMPLEMENTATIONS = YES;
				CLANG_WARN_DIRECT_OBJC_ISA_USAGE = YES_ERROR;
				CLANG_WARN_DOCUMENTATION_COMMENTS = YES;
				CLANG_WARN_EMPTY_BODY = YES;
				CLANG_WARN_ENUM_CONVERSION = YES;
				CLANG_WARN_INFINITE_RECURSION = YES;
				CLANG_WARN_INT_CONVERSION = YES;
				CLANG_WARN_NON_LITERAL_NULL_CONVERSION = YES;
				CLANG_WARN_OBJC_IMPLICIT_RETAIN_SELF = YES;
				CLANG_WARN_OBJC_LITERAL_CONVERSION = YES;
				CLANG_WARN_OBJC_ROOT_CLASS = YES_ERROR;
				CLANG_WARN_QUOTED_INCLUDE_IN_FRAMEWORK_HEADER = YES;
				CLANG_WARN_RANGE_LOOP_ANALYSIS = YES;
				CLANG_WARN_STRICT_PROTOTYPES = YES;
				CLANG_WARN_SUSPICIOUS_MOVE = YES;
				CLANG_WARN_UNGUARDED_AVAILABILITY = YES_AGGRESSIVE;
				CLANG_WARN_UNREACHABLE_CODE = YES;
				CLANG_WARN__DUPLICATE_METHOD_MATCH = YES;
				COPY_PHASE_STRIP = NO;
				CURRENT_PROJECT_VERSION = 23.06.29.11.54;
				DEBUG_INFORMATION_FORMAT = "dwarf-with-dsym";
				ENABLE_NS_ASSERTIONS = NO;
				ENABLE_STRICT_OBJC_MSGSEND = YES;
				GCC_C_LANGUAGE_STANDARD = gnu11;
				GCC_NO_COMMON_BLOCKS = YES;
				GCC_WARN_64_TO_32_BIT_CONVERSION = YES;
				GCC_WARN_ABOUT_RETURN_TYPE = YES_ERROR;
				GCC_WARN_UNDECLARED_SELECTOR = YES;
				GCC_WARN_UNINITIALIZED_AUTOS = YES_AGGRESSIVE;
				GCC_WARN_UNUSED_FUNCTION = YES;
				GCC_WARN_UNUSED_VARIABLE = YES;
				IPHONEOS_DEPLOYMENT_TARGET = 16.4;
				MTL_ENABLE_DEBUG_INFO = NO;
				MTL_FAST_MATH = YES;
				SDKROOT = iphoneos;
				VALIDATE_PRODUCT = YES;
				VERSIONING_SYSTEM = "apple-generic";
				VERSION_INFO_PREFIX = "";
			};
			name = Release;
		};
		89865F1D29E9090700E984A1 /* Debug */ = {
			isa = XCBuildConfiguration;
			baseConfigurationReference = 94F3B6382301B7E3738DF8C9 /* Pods-MapxusMapSDK.debug.xcconfig */;
			buildSettings = {
				CODE_SIGN_STYLE = Manual;
				CURRENT_PROJECT_VERSION = 23.06.29.11.54;
				DEFINES_MODULE = YES;
				DEVELOPMENT_TEAM = "";
				DYLIB_COMPATIBILITY_VERSION = 1;
				DYLIB_CURRENT_VERSION = 23.06.29.11.54;
				DYLIB_INSTALL_NAME_BASE = "@rpath";
				ENABLE_MODULE_VERIFIER = YES;
				GENERATE_INFOPLIST_FILE = YES;
				INFOPLIST_KEY_NSHumanReadableCopyright = "";
				INSTALL_PATH = "$(LOCAL_LIBRARY_DIR)/Frameworks";
				IPHONEOS_DEPLOYMENT_TARGET = 9.0;
				LD_RUNPATH_SEARCH_PATHS = (
					"$(inherited)",
					"@executable_path/Frameworks",
					"@loader_path/Frameworks",
				);
				MARKETING_VERSION = 6.1.0;
				MODULE_VERIFIER_SUPPORTED_LANGUAGES = "objective-c objective-c++";
				MODULE_VERIFIER_SUPPORTED_LANGUAGE_STANDARDS = "gnu11 gnu++20";
				PRODUCT_BUNDLE_IDENTIFIER = "$(BUNDLE_ID)";
				PRODUCT_NAME = "$(TARGET_NAME:c99extidentifier)";
				PROVISIONING_PROFILE_SPECIFIER = "";
				SKIP_INSTALL = YES;
				STRIP_STYLE = "non-global";
				SWIFT_EMIT_LOC_STRINGS = YES;
				TARGETED_DEVICE_FAMILY = "1,2";
			};
			name = Debug;
		};
		89865F1E29E9090700E984A1 /* Release */ = {
			isa = XCBuildConfiguration;
			baseConfigurationReference = E9BF3B270BB2C9A419AC875C /* Pods-MapxusMapSDK.release.xcconfig */;
			buildSettings = {
				CODE_SIGN_STYLE = Manual;
				CURRENT_PROJECT_VERSION = 23.06.29.11.54;
				DEFINES_MODULE = YES;
				DEVELOPMENT_TEAM = "";
				DYLIB_COMPATIBILITY_VERSION = 1;
				DYLIB_CURRENT_VERSION = 23.06.29.11.54;
				DYLIB_INSTALL_NAME_BASE = "@rpath";
				ENABLE_MODULE_VERIFIER = YES;
				GENERATE_INFOPLIST_FILE = YES;
				INFOPLIST_KEY_NSHumanReadableCopyright = "";
				INSTALL_PATH = "$(LOCAL_LIBRARY_DIR)/Frameworks";
				IPHONEOS_DEPLOYMENT_TARGET = 9.0;
				LD_RUNPATH_SEARCH_PATHS = (
					"$(inherited)",
					"@executable_path/Frameworks",
					"@loader_path/Frameworks",
				);
				MARKETING_VERSION = 6.1.0;
				MODULE_VERIFIER_SUPPORTED_LANGUAGES = "objective-c objective-c++";
				MODULE_VERIFIER_SUPPORTED_LANGUAGE_STANDARDS = "gnu11 gnu++20";
				PRODUCT_BUNDLE_IDENTIFIER = "$(BUNDLE_ID)";
				PRODUCT_NAME = "$(TARGET_NAME:c99extidentifier)";
				PROVISIONING_PROFILE_SPECIFIER = "";
				SKIP_INSTALL = YES;
				STRIP_STYLE = "non-global";
				SWIFT_EMIT_LOC_STRINGS = YES;
				TARGETED_DEVICE_FAMILY = "1,2";
			};
			name = Release;
		};
		89865F2029E9090700E984A1 /* Debug */ = {
			isa = XCBuildConfiguration;
			baseConfigurationReference = C11F268EFF8379E21C30B08A /* Pods-MapxusMapSDKTests.debug.xcconfig */;
			buildSettings = {
				CODE_SIGN_STYLE = Automatic;
				CURRENT_PROJECT_VERSION = 23.06.29.11.54;
				DEVELOPMENT_TEAM = ZNBZ7BZAKZ;
				GENERATE_INFOPLIST_FILE = YES;
				MARKETING_VERSION = 1.0;
				PRODUCT_BUNDLE_IDENTIFIER = com.mapxus.MapxusMapSDKTests;
				PRODUCT_NAME = "$(TARGET_NAME)";
				SWIFT_EMIT_LOC_STRINGS = NO;
				TARGETED_DEVICE_FAMILY = "1,2";
			};
			name = Debug;
		};
		89865F2129E9090700E984A1 /* Release */ = {
			isa = XCBuildConfiguration;
			baseConfigurationReference = 1D22435475B5222BB8270E9F /* Pods-MapxusMapSDKTests.release.xcconfig */;
			buildSettings = {
				CODE_SIGN_STYLE = Automatic;
				CURRENT_PROJECT_VERSION = 23.06.29.11.54;
				DEVELOPMENT_TEAM = ZNBZ7BZAKZ;
				GENERATE_INFOPLIST_FILE = YES;
				MARKETING_VERSION = 1.0;
				PRODUCT_BUNDLE_IDENTIFIER = com.mapxus.MapxusMapSDKTests;
				PRODUCT_NAME = "$(TARGET_NAME)";
				SWIFT_EMIT_LOC_STRINGS = NO;
				TARGETED_DEVICE_FAMILY = "1,2";
			};
			name = Release;
		};
		89865FEE29E92A3300E984A1 /* Debug */ = {
			isa = XCBuildConfiguration;
			buildSettings = {
				CODE_SIGN_STYLE = Automatic;
				DEVELOPMENT_TEAM = ZNBZ7BZAKZ;
				PRODUCT_NAME = "$(TARGET_NAME)";
			};
			name = Debug;
		};
		89865FEF29E92A3300E984A1 /* Release */ = {
			isa = XCBuildConfiguration;
			buildSettings = {
				CODE_SIGN_STYLE = Automatic;
				DEVELOPMENT_TEAM = ZNBZ7BZAKZ;
				PRODUCT_NAME = "$(TARGET_NAME)";
			};
			name = Release;
		};
/* End XCBuildConfiguration section */

/* Begin XCConfigurationList section */
		89865F0429E9090700E984A1 /* Build configuration list for PBXProject "MapxusMapSDK" */ = {
			isa = XCConfigurationList;
			buildConfigurations = (
				89865F1A29E9090700E984A1 /* Debug */,
				89865F1B29E9090700E984A1 /* Release */,
			);
			defaultConfigurationIsVisible = 0;
			defaultConfigurationName = Release;
		};
		89865F1C29E9090700E984A1 /* Build configuration list for PBXNativeTarget "MapxusMapSDK" */ = {
			isa = XCConfigurationList;
			buildConfigurations = (
				89865F1D29E9090700E984A1 /* Debug */,
				89865F1E29E9090700E984A1 /* Release */,
			);
			defaultConfigurationIsVisible = 0;
			defaultConfigurationName = Release;
		};
		89865F1F29E9090700E984A1 /* Build configuration list for PBXNativeTarget "MapxusMapSDKTests" */ = {
			isa = XCConfigurationList;
			buildConfigurations = (
				89865F2029E9090700E984A1 /* Debug */,
				89865F2129E9090700E984A1 /* Release */,
			);
			defaultConfigurationIsVisible = 0;
			defaultConfigurationName = Release;
		};
		89865FED29E92A3300E984A1 /* Build configuration list for PBXAggregateTarget "MapxusMapSDK-Universal" */ = {
			isa = XCConfigurationList;
			buildConfigurations = (
				89865FEE29E92A3300E984A1 /* Debug */,
				89865FEF29E92A3300E984A1 /* Release */,
			);
			defaultConfigurationIsVisible = 0;
			defaultConfigurationName = Release;
		};
/* End XCConfigurationList section */
	};
	rootObject = 89865F0129E9090700E984A1 /* Project object */;
}
