PODS:
  - AWSCognitoIdentityProvider (2.6.26):
    - AWSCognitoIdentityProviderASF (= 1.0.1)
    - AWSCore (= 2.6.26)
  - AWSCognitoIdentityProviderASF (1.0.1)
  - AWSCore (2.6.26)
  - Mapbox-iOS-SDK (4.2.0)

DEPENDENCIES:
  - AWSCognitoIdentityProvider (~> 2.6.0)
  - AWSCore (~> 2.6.0)
  - Mapbox-iOS-SDK (~> 4.2)

SPEC REPOS:
  https://github.com/cocoapods/specs.git:
    - AWSCognitoIdentityProvider
    - AWSCognitoIdentityProviderASF
    - AWSCore
    - Mapbox-iOS-SDK

SPEC CHECKSUMS:
  AWSCognitoIdentityProvider: 5be311431518b6630de040fbf62e1b4f2a71694b
  AWSCognitoIdentityProviderASF: f94f1a502e72ef3d0a1de93e10bf7a79c8698118
  AWSCore: 0177bb7e5616d967277b398e7a05ed7a228e6158
  Mapbox-iOS-SDK: 706d52e3ad095e16944d9643f37d5a97627f6c19

PODFILE CHECKSUM: 21cce766976ddbbfe008ebf6c75246fb588d823f

COCOAPODS: 1.5.3
