PODS:
  - AFNetworking/NSURLSession (4.0.1):
    - AFNetworking/Reachability
    - AFNetworking/Security
    - AFNetworking/Serialization
  - AFNetworking/Reachability (4.0.1)
  - AFNetworking/Security (4.0.1)
  - AFNetworking/Serialization (4.0.1)
  - MapxusBaseSDK (4.2.0):
    - AFNetworking/NSURLSession (~> 4.0)
    - AFNetworking/Reachability (~> 4.0)
    - AFNetworking/Security (~> 4.0)
    - AFNetworking/Serialization (~> 4.0)
    - YYModel (~> 1.0.4)
  - MapxusRenderSDK (5.12.2)
  - OCMock (3.9.1)
  - YYModel (1.0.4)

DEPENDENCIES:
  - MapxusBaseSDK (from `../mapxus-base-sdk-ios`)
  - MapxusRenderSDK
  - OCMock

SPEC REPOS:
  https://nexus3.mapxus.com/repository/cocoapods-proxy/:
    - AFNetworking
    - MapxusRenderSDK
    - OCMock
    - YYModel

EXTERNAL SOURCES:
  MapxusBaseSDK:
    :path: "../mapxus-base-sdk-ios"

SPEC CHECKSUMS:
  AFNetworking: 918f38660c2fed63562c7c15d79748bbfe85d9b4
  MapxusBaseSDK: 225b087230d92c849bd22f36de860ac5669ee246
  MapxusRenderSDK: e623db224813cf4ef0f1f36a1f1a357522cdef9b
  OCMock: 4628711eed9bee458e888367149f521b68f56f35
  YYModel: 47e490c065087c7c7ca264de8f2b418b28e77371

PODFILE CHECKSUM: e389cf7b5afec0d4432e87fa39c8cbad6349bc20

COCOAPODS: 1.11.3
